
Microsoft Visual Studio Solution File, Format Version 12.00
# Visual Studio 2013
VisualStudioVersion = 12.0.31101.0
MinimumVisualStudioVersion = 10.0.40219.1
Project("{2150E333-8FDC-42A3-9474-1A3956D46DE8}") = "Core", "Core", "{C6AE0BAE-6DDB-4CE0-8E40-07233FC3F2F3}"
	ProjectSection(SolutionItems) = preProject
		Core\semver.txt = Core\semver.txt
	EndProjectSection
EndProject
Project("{2150E333-8FDC-42A3-9474-1A3956D46DE8}") = "Features", "Features", "{8EBB5C6A-275B-42E3-A68C-F202524AAE85}"
EndProject
Project("{FAE04EC0-301F-11D3-BF4B-00C04F79EFBC}") = "uScoober (Micro-4.2)", "Core\uScoober\Micro-4.2\uScoober (Micro-4.2).csproj", "{CBB895B4-8CC4-46F5-96D2-247D54811C45}"
EndProject
Project("{FAE04EC0-301F-11D3-BF4B-00C04F79EFBC}") = "uScoober (Micro-4.3)", "Core\uScoober\Micro-4.3\uScoober (Micro-4.3).csproj", "{C8A0566E-DAA6-4FBD-B407-A9B806495F88}"
EndProject
Project("{D954291E-2A0B-460D-934E-DC6B0785DB48}") = "uScoober (Shared)", "Core\uScoober\Shared\uScoober (Shared).shproj", "{76A70AF9-35EC-4A0D-92C0-C48752C53DF0}"
EndProject
Project("{2150E333-8FDC-42A3-9474-1A3956D46DE8}") = "Hardware", "Hardware", "{BD6FE277-FA8F-452C-B15B-DA929898D5F8}"
EndProject
Project("{2150E333-8FDC-42A3-9474-1A3956D46DE8}") = "uScoober", "uScoober", "{1C85B68C-F549-4E93-845E-665E04B722A8}"
EndProject
Project("{2150E333-8FDC-42A3-9474-1A3956D46DE8}") = "uScoober.TestFramework", "uScoober.TestFramework", "{F6E84214-4068-4FF3-ACC3-18A0BFACDF8C}"
EndProject
Project("{2150E333-8FDC-42A3-9474-1A3956D46DE8}") = "Core.Validation", "Core.Validation", "{57E8426E-9C10-4BEE-A19F-71FC097B74E9}"
EndProject
Project("{2150E333-8FDC-42A3-9474-1A3956D46DE8}") = "uScoober", "uScoober", "{B8765C38-208B-4D8A-89BD-490A6AB93009}"
EndProject
Project("{2150E333-8FDC-42A3-9474-1A3956D46DE8}") = "uScoober.TestFramework", "uScoober.TestFramework", "{3A102B28-235F-4D88-BAE8-018511C0FD4B}"
EndProject
Project("{2150E333-8FDC-42A3-9474-1A3956D46DE8}") = "Features.Validation", "Features.Validation", "{7672A071-4BCC-40D7-B540-B59A8F76BEB0}"
EndProject
Project("{2150E333-8FDC-42A3-9474-1A3956D46DE8}") = "Hardware.Validation", "Hardware.Validation", "{616DE5A6-8583-4817-A8F9-46AACD8ADBAA}"
EndProject
Project("{D954291E-2A0B-460D-934E-DC6B0785DB48}") = "uScoober.TestFramework (Shared)", "Core\uScoober.TestFramework\Shared\uScoober.TestFramework (Shared).shproj", "{CFA58043-CAB1-4B6F-8504-35E397B8BBE0}"
EndProject
Project("{FAE04EC0-301F-11D3-BF4B-00C04F79EFBC}") = "uScoober.TestFramework (Micro-4.2)", "Core\uScoober.TestFramework\Micro-4.2\uScoober.TestFramework (Micro-4.2).csproj", "{FE696CD6-E0FD-4D4B-9BB2-6A20DFE0E11F}"
EndProject
Project("{FAE04EC0-301F-11D3-BF4B-00C04F79EFBC}") = "uScoober.TestFramework (Micro-4.3)", "Core\uScoober.TestFramework\Micro-4.3\uScoober.TestFramework (Micro-4.3).csproj", "{1B2715B7-6174-4CBD-B5A4-A871074D4AF2}"
EndProject
Project("{FAE04EC0-301F-11D3-BF4B-00C04F79EFBC}") = "uScoober.TestFramework.Validator (Micro-4.3)", "Core.Validation\uScoober.TestFramework.Validator\uScoober.TestFramework.Validator (Micro-4.3).csproj", "{B58AC962-F390-4C4E-AF07-86F3FD419766}"
EndProject
Project("{D954291E-2A0B-460D-934E-DC6B0785DB48}") = "Boards.Netduino2", "Hardware\Boards.Netduino2\Boards.Netduino2.shproj", "{DEB4A14B-A542-4169-A2D8-C5B49ED4BA6D}"
EndProject
Project("{D954291E-2A0B-460D-934E-DC6B0785DB48}") = "Boards.NetduinoPlus2", "Hardware\Boards.NetduinoPlus2\Boards.NetduinoPlus2.shproj", "{D02BD8CA-0117-422B-9770-A3B02DF4F3E1}"
EndProject
Project("{D954291E-2A0B-460D-934E-DC6B0785DB48}") = "Eeprom.AT24C32", "Hardware\Eeprom.AT24C32\Eeprom.AT24C32.shproj", "{9246901D-BA7B-4CE8-BECD-89389C6956B0}"
EndProject
Project("{D954291E-2A0B-460D-934E-DC6B0785DB48}") = "IO.MCP23017", "Hardware\IO.MCP23017\IO.MCP23017.shproj", "{2F040993-4957-44F4-913C-0AD0EF717AF8}"
EndProject
Project("{D954291E-2A0B-460D-934E-DC6B0785DB48}") = "Time.DS1307", "Hardware\Time.DS1307\Time.DS1307.shproj", "{EC07E887-91D9-44E7-84D7-8BDF627A3E60}"
EndProject
Project("{D954291E-2A0B-460D-934E-DC6B0785DB48}") = "Time.TinyRtc", "Hardware\Time.TinyRtc\Time.TinyRtc.shproj", "{35A48594-AA08-4704-AD10-1ED4ADDDED9B}"
EndProject
Project("{FAE04EC0-301F-11D3-BF4B-00C04F79EFBC}") = "Boards.Netduino2.Tests (Micro-4.3)", "Hardware.Validation\Boards.Netduino2.Tests\Boards.Netduino2.Tests (Micro-4.3).csproj", "{24171A35-F47D-4CC5-8D4B-46132BF26610}"
EndProject
Project("{FAE04EC0-301F-11D3-BF4B-00C04F79EFBC}") = "Boards.NetduinoPlus2.Tests (Micro-4.3)", "Hardware.Validation\Boards.NetduinoPlus2.Tests\Boards.NetduinoPlus2.Tests (Micro-4.3).csproj", "{0E9849E7-7CC1-48B5-81AA-43C066F8DBEB}"
EndProject
Project("{FAE04EC0-301F-11D3-BF4B-00C04F79EFBC}") = "IO.MCP23017.Tests (Micro-4.3)", "Hardware.Validation\IO.MCP23017.UnitTests\Micro-4.3\IO.MCP23017.Tests (Micro-4.3).csproj", "{82DF5571-C721-4F20-B588-2B301F26C3AE}"
EndProject
Project("{2150E333-8FDC-42A3-9474-1A3956D46DE8}") = "_Start Here_", "_Start Here_", "{DFD13F03-3780-445B-8910-EF07555AF09D}"
	ProjectSection(SolutionItems) = preProject
		LICENSE.txt = LICENSE.txt
		ReadMe.md = ReadMe.md
		Core\uScoober.TestFramework\Shared\Testing How To.md = Core\uScoober.TestFramework\Shared\Testing How To.md
	EndProjectSection
EndProject
Project("{2150E333-8FDC-42A3-9474-1A3956D46DE8}") = "uScoober.Threading", "uScoober.Threading", "{7DCA6E58-5EEA-4C87-BB1B-224C3423A93C}"
EndProject
Project("{2150E333-8FDC-42A3-9474-1A3956D46DE8}") = "uScoober.Threading.Presentation", "uScoober.Threading.Presentation", "{37B576FF-11BE-4D45-83F4-6E693ECEB799}"
EndProject
Project("{D954291E-2A0B-460D-934E-DC6B0785DB48}") = "uScoober.Threading (Shared)", "Core\uScoober.Threading\Shared\uScoober.Threading (Shared).shproj", "{1A9BA106-9116-4145-A959-F3A815D8DD9B}"
EndProject
Project("{FAE04EC0-301F-11D3-BF4B-00C04F79EFBC}") = "uScoober.Threading (Micro-4.2)", "Core\uScoober.Threading\Micro-4.2\uScoober.Threading (Micro-4.2).csproj", "{AC5B0A92-E4D4-419C-AD50-3FAF20947299}"
EndProject
Project("{FAE04EC0-301F-11D3-BF4B-00C04F79EFBC}") = "uScoober.Threading (Micro-4.3)", "Core\uScoober.Threading\Micro-4.3\uScoober.Threading (Micro-4.3).csproj", "{E797CC15-691D-4284-BC3F-B9E866E00AAF}"
EndProject
Project("{D954291E-2A0B-460D-934E-DC6B0785DB48}") = "uScoober.Threading.Presentation (Shared)", "Core\uScoober.Threading.Presentation\Shared\uScoober.Threading.Presentation (Shared).shproj", "{A5E36E63-2CC8-4BAC-80C6-49C95AAF534C}"
EndProject
Project("{FAE04EC0-301F-11D3-BF4B-00C04F79EFBC}") = "uScoober.Threading.Presentation (Micro-4.2)", "Core\uScoober.Threading.Presentation\Micro-4.2\uScoober.Threading.Presentation (Micro-4.2).csproj", "{5E3A3770-169D-484E-8F97-E98642F91A58}"
EndProject
Project("{FAE04EC0-301F-11D3-BF4B-00C04F79EFBC}") = "uScoober.Threading.Presentation (Micro-4.3)", "Core\uScoober.Threading.Presentation\Micro-4.3\uScoober.Threading.Presentation (Micro-4.3).csproj", "{60CFEEA1-03D9-4A81-BD9F-161A78A5D005}"
EndProject
Project("{2150E333-8FDC-42A3-9474-1A3956D46DE8}") = "uScoober.Threading", "uScoober.Threading", "{0CFD5651-923C-4D4C-9D3A-67A58ECD7CB4}"
EndProject
Project("{D954291E-2A0B-460D-934E-DC6B0785DB48}") = "uScoober.Tests (Shared)", "Core.Validation\uScoober.Tests\Shared\uScoober.Tests (Shared).shproj", "{57E03E08-13B1-415D-81D6-786B9AE7D9D5}"
EndProject
Project("{D954291E-2A0B-460D-934E-DC6B0785DB48}") = "uScoober.Threading.Tests (Shared)", "Core.Validation\uScoober.Threading.Tests\Shared\uScoober.Threading.Tests (Shared).shproj", "{3AC05DEA-EABF-482C-AAC7-D52CB76BD240}"
EndProject
Project("{FAE04EC0-301F-11D3-BF4B-00C04F79EFBC}") = "uScoober.Tests (Micro-4.3)", "Core.Validation\uScoober.Tests\Micro-4.3\uScoober.Tests (Micro-4.3).csproj", "{BD08DF60-216F-4CC7-BBA5-532AC929DACE}"
EndProject
Project("{FAE04EC0-301F-11D3-BF4B-00C04F79EFBC}") = "uScoober.Tests (Micro-4.2)", "Core.Validation\uScoober.Tests\Micro-4.2\uScoober.Tests (Micro-4.2).csproj", "{29F3A56F-B6D3-4176-A784-2F347CCA3B0C}"
EndProject
Project("{FAE04EC0-301F-11D3-BF4B-00C04F79EFBC}") = "uScoober.Threading.Tests (Micro-4.2)", "Core.Validation\uScoober.Threading.Tests\Micro-4.2\uScoober.Threading.Tests (Micro-4.2).csproj", "{04DBE653-E77B-4434-A604-04DE48647CD0}"
EndProject
Project("{FAE04EC0-301F-11D3-BF4B-00C04F79EFBC}") = "uScoober.Threading.Tests (Micro-4.3)", "Core.Validation\uScoober.Threading.Tests\Micro-4.3\uScoober.Threading.Tests (Micro-4.3).csproj", "{CF1EFFE6-39D7-4014-A3D5-76A64B1CE448}"
EndProject
Project("{2150E333-8FDC-42A3-9474-1A3956D46DE8}") = "Features.Preview", "Features.Preview", "{C1506BA1-46B3-4FE0-9F59-D854BC64E49B}"
EndProject
Project("{2150E333-8FDC-42A3-9474-1A3956D46DE8}") = "Build", "Build", "{38B397B3-A7ED-479B-A151-E6200A2057F1}"
EndProject
Project("{FAE04EC0-301F-11D3-BF4B-00C04F79EFBC}") = "PoshTypeDefinitions", "Build\PoshTypeDefinitions\PoshTypeDefinitions.csproj", "{C2E5AC5F-4D0F-4878-A456-CE78D16FC6C0}"
EndProject
Project("{2150E333-8FDC-42A3-9474-1A3956D46DE8}") = "Hardware.Preview", "Hardware.Preview", "{1543F3EA-5B76-471B-A810-B4C19107565C}"
EndProject
Project("{D954291E-2A0B-460D-934E-DC6B0785DB48}") = "Input.Button", "Hardware\Input.Button\Input.Button.shproj", "{C73041D5-E4FB-4EBF-87AB-7C138399CBC5}"
EndProject
Project("{D954291E-2A0B-460D-934E-DC6B0785DB48}") = "Light.Led", "Hardware\Light.Led\Light.Led.shproj", "{06C8B867-4DB2-4448-8827-4717C3258529}"
EndProject
Project("{D954291E-2A0B-460D-934E-DC6B0785DB48}") = "Motors.BrushlessSpeedController", "Hardware\Motors.BrushlessSpeedController\Motors.BrushlessSpeedController.shproj", "{C8473A2B-E27D-4CB1-8E68-A315A6796513}"
EndProject
Project("{2150E333-8FDC-42A3-9474-1A3956D46DE8}") = "Binary", "Binary", "{6CF7DB6F-B33C-4167-BA8A-BAC35075CD55}"
EndProject
Project("{2150E333-8FDC-42A3-9474-1A3956D46DE8}") = "DataStructures", "DataStructures", "{C3DB2CB6-D935-4CB1-80AF-9ED1D9BE3AC1}"
EndProject
Project("{FAE04EC0-301F-11D3-BF4B-00C04F79EFBC}") = "Binary.Tests (Micro-4.3)", "Features.Validation\Binary.Tests\Binary.Tests (Micro-4.3).csproj", "{87712199-3F2A-4FD4-A08F-80A444F8AA93}"
EndProject
Project("{D954291E-2A0B-460D-934E-DC6B0785DB48}") = "Binary.BinaryCodedDecimal", "Features\Binary.BinaryCodedDecimal\Binary.BinaryCodedDecimal.shproj", "{88AB822B-B7D3-4877-A9A7-003A7170E979}"
EndProject
Project("{D954291E-2A0B-460D-934E-DC6B0785DB48}") = "Binary.BitCounter", "Features\Binary.BitCounter\Binary.BitCounter.shproj", "{2C447B01-952C-4A50-AA90-2F0000E6F07F}"
EndProject
Project("{D954291E-2A0B-460D-934E-DC6B0785DB48}") = "Binary.BitMask", "Features\Binary.BitMask\Binary.BitMask.shproj", "{EBD8CA8D-0C20-49F1-9FBF-725F869DC94C}"
EndProject
Project("{D954291E-2A0B-460D-934E-DC6B0785DB48}") = "Binary.Endian", "Features\Binary.Endian\Binary.Endian.shproj", "{C9503BA6-76F8-4BA8-99A1-6515DD7EACB3}"
EndProject
Project("{FAE04EC0-301F-11D3-BF4B-00C04F79EFBC}") = "DataStructures.Tests (Micro-4.3)", "Features.Validation\DataStructures.Tests\DataStructures.Tests (Micro-4.3).csproj", "{CE076AE6-7711-4359-B98B-55EF72B18113}"
EndProject
Project("{D954291E-2A0B-460D-934E-DC6B0785DB48}") = "DataStructures.NotifyCollection", "Features\DataStructures.NotifyCollection\DataStructures.NotifyCollection.shproj", "{DCE2D428-47C5-4577-9BDB-F19A10D01807}"
EndProject
Project("{FAE04EC0-301F-11D3-BF4B-00C04F79EFBC}") = "IO.I2CBus.Tests (Micro-4.3)", "Features.Validation\IO.I2CBus.Tests\IO.I2CBus.Tests (Micro-4.3).csproj", "{CC939252-A3DC-498F-A40C-05F8A2AE6A1D}"
EndProject
Project("{D954291E-2A0B-460D-934E-DC6B0785DB48}") = "Boot", "Features\Boot\Boot.shproj", "{4F6A4D22-EE38-4493-982F-01FA3175DA69}"
EndProject
Project("{D954291E-2A0B-460D-934E-DC6B0785DB48}") = "IO.I2CBus.Bitbang", "Features\IO.I2CBus.Bitbang\IO.I2CBus.Bitbang.shproj", "{BAE344F9-BFFD-47E7-8675-CF2D884480D2}"
EndProject
Project("{D954291E-2A0B-460D-934E-DC6B0785DB48}") = "IO.I2CBus.Scanner", "Features\IO.I2CBus.Scanner\IO.I2CBus.Scanner.shproj", "{81D9F870-F18F-47D5-9C9A-9D9BA0576C4B}"
EndProject
Project("{D954291E-2A0B-460D-934E-DC6B0785DB48}") = "IO.I2CBus.Spot", "Features\IO.I2CBus.Spot\IO.I2CBus.Spot.shproj", "{97E88847-0FA3-4929-B051-5A1E41E94C33}"
EndProject
Project("{D954291E-2A0B-460D-934E-DC6B0785DB48}") = "IO.SignalGenerators", "Features\IO.SignalGenerators\IO.SignalGenerators.shproj", "{03BC4892-178E-4464-B52E-5DD1939047F8}"
EndProject
Project("{FAE04EC0-301F-11D3-BF4B-00C04F79EFBC}") = "IO.SpiBus.Tests (Micro-4.3)", "Features.Validation\IO.SpiBus.Tests\IO.SpiBus.Tests (Micro-4.3).csproj", "{070EB8C0-AEF1-4789-8365-BC74D437DF97}"
EndProject
Project("{D954291E-2A0B-460D-934E-DC6B0785DB48}") = "IO.SpiBus.Bitbang", "Features\IO.SpiBus.Bitbang\IO.SpiBus.Bitbang.shproj", "{0F01D540-FE2E-4786-8697-7F2C097E516D}"
EndProject
Project("{D954291E-2A0B-460D-934E-DC6B0785DB48}") = "IO.SpiBus.Spot", "Features\IO.SpiBus.Spot\IO.SpiBus.Spot.shproj", "{FA8F4761-88BF-497C-A38E-64743EF6ECDF}"
EndProject
Project("{D954291E-2A0B-460D-934E-DC6B0785DB48}") = "Storage", "Features\Storage\Storage.shproj", "{BC5F5562-784A-4140-9B70-3A7ACDF2987A}"
EndProject
Project("{D954291E-2A0B-460D-934E-DC6B0785DB48}") = "UnitsOfMeasure", "Features\UnitsOfMeasure\UnitsOfMeasure.shproj", "{16C85494-AAA2-4538-92D2-04ECAF14E88E}"
EndProject
Project("{FAE04EC0-301F-11D3-BF4B-00C04F79EFBC}") = "UnitsOfMeasure.Tests (Micro-4.3)", "Features.Validation\UnitsOfMeasure.Tests\UnitsOfMeasure.Tests (Micro-4.3).csproj", "{04B9AE65-4CC4-4DA1-B3F7-50D1740F14AE}"
EndProject
Project("{FAE04EC0-301F-11D3-BF4B-00C04F79EFBC}") = "Storage.Tests (Micro-4.3)", "Features.Validation\Storage.Tests\Storage.Tests (Micro-4.3).csproj", "{0A481BEF-6D7C-48A3-A332-ED963061158A}"
EndProject
Project("{2150E333-8FDC-42A3-9474-1A3956D46DE8}") = "IO", "IO", "{FA9CF8D3-BFEB-48AE-8FF9-0488EFD97596}"
EndProject
Project("{2150E333-8FDC-42A3-9474-1A3956D46DE8}") = "IO", "IO", "{81B6382C-C37B-481E-B35A-3BAD321BFB89}"
EndProject
Project("{D954291E-2A0B-460D-934E-DC6B0785DB48}") = "IO.Spot.Digital", "Features\IO.Spot.Digital\IO.Spot.Digital.shproj", "{37777689-9697-4128-95D1-BC630B061AFB}"
EndProject
Project("{D954291E-2A0B-460D-934E-DC6B0785DB48}") = "IO.Spot.Analog", "Features\IO.Spot.Analog\IO.Spot.Analog.shproj", "{4001A371-80E2-4DA8-AE8A-15D338CC87EC}"
EndProject
Project("{D954291E-2A0B-460D-934E-DC6B0785DB48}") = "IO.Spot.Pwm", "Features\IO.Spot.Pwm\IO.Spot.Pwm.shproj", "{A7F12293-6743-40DA-A959-0DAC59B70AFC}"
EndProject
Global
	GlobalSection(SharedMSBuildProjectFiles) = preSolution
		Core.Validation\uScoober.Threading.Tests\Shared\Shared.projitems*{cf1effe6-39d7-4014-a3d5-76a64b1ce448}*SharedItemsImports = 4
		Hardware\Time.TinyRtc\Shared.projitems*{35a48594-aa08-4704-ad10-1ed4addded9b}*SharedItemsImports = 13
		Core\uScoober\Shared\Shared.projitems*{76a70af9-35ec-4a0d-92c0-c48752c53df0}*SharedItemsImports = 13
		Hardware\Motors.BrushlessSpeedController\Shared.projitems*{c8473a2b-e27d-4cb1-8e68-a315a6796513}*SharedItemsImports = 13
		Features\Storage\uScoober.Storage.projitems*{0a481bef-6d7c-48a3-a332-ed963061158a}*SharedItemsImports = 4
		Features\IO.SpiBus.Bitbang\uScoober.IO.SpiBus.Bitbang.projitems*{0f01d540-fe2e-4786-8697-7f2c097e516d}*SharedItemsImports = 13
		Features\Binary.BitMask\uScoober.Binary.BitMask.projitems*{ebd8ca8d-0c20-49f1-9fbf-725f869dc94c}*SharedItemsImports = 13
		Features\Binary.BitCounter\uScoober.Binary.BitCounter.projitems*{2c447b01-952c-4a50-aa90-2f0000e6f07f}*SharedItemsImports = 13
		Hardware\Light.Led\Light.Led.projitems*{24171a35-f47d-4cc5-8d4b-46132bf26610}*SharedItemsImports = 4
		Features\IO.Spot.Digital\IO.Spot.Digital.projitems*{24171a35-f47d-4cc5-8d4b-46132bf26610}*SharedItemsImports = 4
		Features\IO.I2CBus.Spot\uScoober.IO.I2CBus.Spot.projitems*{24171a35-f47d-4cc5-8d4b-46132bf26610}*SharedItemsImports = 4
		Features\IO.Spot.Analog\IO.Spot.Analog.projitems*{24171a35-f47d-4cc5-8d4b-46132bf26610}*SharedItemsImports = 4
		Hardware\Boards.Netduino2\Shared.projitems*{24171a35-f47d-4cc5-8d4b-46132bf26610}*SharedItemsImports = 4
		Features\IO.Spot.Pwm\IO.Spot.Pwm.projitems*{24171a35-f47d-4cc5-8d4b-46132bf26610}*SharedItemsImports = 4
		Hardware\Input.Button\Input.Button.projitems*{24171a35-f47d-4cc5-8d4b-46132bf26610}*SharedItemsImports = 4
		Features\Boot\uScoober.Boot.projitems*{4f6a4d22-ee38-4493-982f-01fa3175da69}*SharedItemsImports = 13
		Hardware\Eeprom.AT24C32\Shared.projitems*{9246901d-ba7b-4ce8-becd-89389c6956b0}*SharedItemsImports = 13
		Core\uScoober.Threading.Presentation\Shared\Shared.projitems*{5e3a3770-169d-484e-8f97-e98642f91a58}*SharedItemsImports = 4
		Core.Validation\uScoober.Tests\Shared\Shared.projitems*{29f3a56f-b6d3-4176-a784-2f347cca3b0c}*SharedItemsImports = 4
		Features\UnitsOfMeasure\uScoober.UnitsOfMeasure.projitems*{16c85494-aaa2-4538-92d2-04ecaf14e88e}*SharedItemsImports = 13
		Core\uScoober\Shared\Shared.projitems*{c8a0566e-daa6-4fbd-b407-a9b806495f88}*SharedItemsImports = 4
		Hardware\Boards.Netduino2\Shared.projitems*{deb4a14b-a542-4169-a2d8-c5b49ed4ba6d}*SharedItemsImports = 13
		Core\uScoober.Threading.Presentation\Shared\Shared.projitems*{a5e36e63-2cc8-4bac-80c6-49c95aaf534c}*SharedItemsImports = 13
		Features\IO.I2CBus.Spot\uScoober.IO.I2CBus.Spot.projitems*{97e88847-0fa3-4929-b051-5a1e41e94c33}*SharedItemsImports = 13
		Features\IO.I2CBus.Bitbang\uScoober.IO.I2CBus.Bitbang.projitems*{bae344f9-bffd-47e7-8675-cf2d884480d2}*SharedItemsImports = 13
		Features\IO.Spot.Pwm\IO.Spot.Pwm.projitems*{a7f12293-6743-40da-a959-0dac59b70afc}*SharedItemsImports = 13
		Core.Validation\uScoober.Tests\Shared\Shared.projitems*{bd08df60-216f-4cc7-bba5-532ac929dace}*SharedItemsImports = 4
		Features\IO.Spot.Digital\IO.Spot.Digital.projitems*{1b2715b7-6174-4cbd-b5a4-a871074d4af2}*SharedItemsImports = 4
		Core\uScoober.TestFramework\Shared\Shared.projitems*{1b2715b7-6174-4cbd-b5a4-a871074d4af2}*SharedItemsImports = 4
		Features\IO.Spot.Analog\IO.Spot.Analog.projitems*{4001a371-80e2-4da8-ae8a-15d338cc87ec}*SharedItemsImports = 13
		Features\Binary.Endian\uScoober.Binary.Endian.projitems*{c9503ba6-76f8-4ba8-99a1-6515dd7eacb3}*SharedItemsImports = 13
		Core.Validation\uScoober.Threading.Tests\Shared\Shared.projitems*{04dbe653-e77b-4434-a604-04de48647cd0}*SharedItemsImports = 4
		Features\DataStructures.NotifyCollection\uScoober.DataStructures.NotifyCollection.projitems*{ce076ae6-7711-4359-b98b-55ef72b18113}*SharedItemsImports = 4
		Features\IO.I2CBus.Scanner\uScoober.IO.I2CBus.Scanner.projitems*{81d9f870-f18f-47d5-9c9a-9d9ba0576c4b}*SharedItemsImports = 13
		Hardware\Time.DS1307\Shared.projitems*{ec07e887-91d9-44e7-84d7-8bdf627a3e60}*SharedItemsImports = 13
		Features\Storage\uScoober.Storage.projitems*{bc5f5562-784a-4140-9b70-3a7acdf2987a}*SharedItemsImports = 13
		Core.Validation\uScoober.Threading.Tests\Shared\Shared.projitems*{3ac05dea-eabf-482c-aac7-d52cb76bd240}*SharedItemsImports = 13
		Hardware\Light.Led\Light.Led.projitems*{06c8b867-4db2-4448-8827-4717c3258529}*SharedItemsImports = 13
		Features\IO.SpiBus.Spot\uScoober.IO.SpiBus.Spot.projitems*{070eb8c0-aef1-4789-8365-bc74d437df97}*SharedItemsImports = 4
		Features\IO.SpiBus.Bitbang\uScoober.IO.SpiBus.Bitbang.projitems*{070eb8c0-aef1-4789-8365-bc74d437df97}*SharedItemsImports = 4
		Features\IO.SpiBus.Spot\uScoober.IO.SpiBus.Spot.projitems*{fa8f4761-88bf-497c-a38e-64743ef6ecdf}*SharedItemsImports = 13
		Features\UnitsOfMeasure\uScoober.UnitsOfMeasure.projitems*{04b9ae65-4cc4-4da1-b3f7-50d1740f14ae}*SharedItemsImports = 4
		Features\IO.Spot.Digital\IO.Spot.Digital.projitems*{37777689-9697-4128-95d1-bc630b061afb}*SharedItemsImports = 13
		Core\uScoober.TestFramework\Shared\Shared.projitems*{cfa58043-cab1-4b6f-8504-35e397b8bbe0}*SharedItemsImports = 13
		Hardware\Light.Led\Light.Led.projitems*{0e9849e7-7cc1-48b5-81aa-43c066f8dbeb}*SharedItemsImports = 4
		Features\IO.Spot.Digital\IO.Spot.Digital.projitems*{0e9849e7-7cc1-48b5-81aa-43c066f8dbeb}*SharedItemsImports = 4
		Features\IO.I2CBus.Spot\uScoober.IO.I2CBus.Spot.projitems*{0e9849e7-7cc1-48b5-81aa-43c066f8dbeb}*SharedItemsImports = 4
		Features\IO.Spot.Analog\IO.Spot.Analog.projitems*{0e9849e7-7cc1-48b5-81aa-43c066f8dbeb}*SharedItemsImports = 4
		Features\IO.Spot.Pwm\IO.Spot.Pwm.projitems*{0e9849e7-7cc1-48b5-81aa-43c066f8dbeb}*SharedItemsImports = 4
		Hardware\Boards.NetduinoPlus2\Shared.projitems*{0e9849e7-7cc1-48b5-81aa-43c066f8dbeb}*SharedItemsImports = 4
		Hardware\Input.Button\Input.Button.projitems*{0e9849e7-7cc1-48b5-81aa-43c066f8dbeb}*SharedItemsImports = 4
		Core\uScoober.Threading\Shared\Shared.projitems*{e797cc15-691d-4284-bc3f-b9e866e00aaf}*SharedItemsImports = 4
		Features\Binary.BitCounter\uScoober.Binary.BitCounter.projitems*{87712199-3f2a-4fd4-a08f-80a444f8aa93}*SharedItemsImports = 4
		Features\Binary.Endian\uScoober.Binary.Endian.projitems*{87712199-3f2a-4fd4-a08f-80a444f8aa93}*SharedItemsImports = 4
		Features\Binary.BinaryCodedDecimal\uScoober.Binary.BinaryCodedDecimal.projitems*{87712199-3f2a-4fd4-a08f-80a444f8aa93}*SharedItemsImports = 4
		Features\Binary.BitMask\uScoober.Binary.BitMask.projitems*{87712199-3f2a-4fd4-a08f-80a444f8aa93}*SharedItemsImports = 4
		Core.Validation\uScoober.Tests\Shared\Shared.projitems*{57e03e08-13b1-415d-81d6-786b9ae7d9d5}*SharedItemsImports = 13
		Features\Binary.BinaryCodedDecimal\uScoober.Binary.BinaryCodedDecimal.projitems*{88ab822b-b7d3-4877-a9a7-003a7170e979}*SharedItemsImports = 13
		Features\IO.SignalGenerators\uScoober.IO.SignalGenerators.projitems*{03bc4892-178e-4464-b52e-5dd1939047f8}*SharedItemsImports = 13
		Hardware\Input.Button\Input.Button.projitems*{c73041d5-e4fb-4ebf-87ab-7c138399cbc5}*SharedItemsImports = 13
		Core\uScoober\Shared\Shared.projitems*{cbb895b4-8cc4-46f5-96d2-247d54811c45}*SharedItemsImports = 4
		Features\DataStructures.NotifyCollection\uScoober.DataStructures.NotifyCollection.projitems*{dce2d428-47c5-4577-9bdb-f19a10d01807}*SharedItemsImports = 13
		Features\IO.I2CBus.Bitbang\uScoober.IO.I2CBus.Bitbang.projitems*{cc939252-a3dc-498f-a40c-05f8a2ae6a1d}*SharedItemsImports = 4
		Features\IO.I2CBus.Spot\uScoober.IO.I2CBus.Spot.projitems*{cc939252-a3dc-498f-a40c-05f8a2ae6a1d}*SharedItemsImports = 4
		Features\IO.I2CBus.Scanner\uScoober.IO.I2CBus.Scanner.projitems*{cc939252-a3dc-498f-a40c-05f8a2ae6a1d}*SharedItemsImports = 4
		Hardware\IO.MCP23017\Shared.projitems*{2f040993-4957-44f4-913c-0ad0ef717af8}*SharedItemsImports = 13
		Hardware\IO.MCP23017\Shared.projitems*{82df5571-c721-4f20-b588-2b301f26c3ae}*SharedItemsImports = 4
		Hardware\Boards.NetduinoPlus2\Shared.projitems*{d02bd8ca-0117-422b-9770-a3b02df4f3e1}*SharedItemsImports = 13
		Features\IO.Spot.Digital\IO.Spot.Digital.projitems*{fe696cd6-e0fd-4d4b-9bb2-6a20dfe0e11f}*SharedItemsImports = 4
		Core\uScoober.TestFramework\Shared\Shared.projitems*{fe696cd6-e0fd-4d4b-9bb2-6a20dfe0e11f}*SharedItemsImports = 4
		Core\uScoober.Threading.Presentation\Shared\Shared.projitems*{60cfeea1-03d9-4a81-bd9f-161a78a5d005}*SharedItemsImports = 4
		Core\uScoober.Threading\Shared\Shared.projitems*{ac5b0a92-e4d4-419c-ad50-3faf20947299}*SharedItemsImports = 4
		Core\uScoober.Threading\Shared\Shared.projitems*{1a9ba106-9116-4145-a959-f3a815d8dd9b}*SharedItemsImports = 13
	EndGlobalSection
	GlobalSection(SolutionConfigurationPlatforms) = preSolution
		Debug|Any CPU = Debug|Any CPU
		Debug|Mixed Platforms = Debug|Mixed Platforms
		Debug|x86 = Debug|x86
		Release|Any CPU = Release|Any CPU
		Release|Mixed Platforms = Release|Mixed Platforms
		Release|x86 = Release|x86
	EndGlobalSection
	GlobalSection(ProjectConfigurationPlatforms) = postSolution
		{CBB895B4-8CC4-46F5-96D2-247D54811C45}.Debug|Any CPU.ActiveCfg = Debug|Any CPU
		{CBB895B4-8CC4-46F5-96D2-247D54811C45}.Debug|Any CPU.Build.0 = Debug|Any CPU
		{CBB895B4-8CC4-46F5-96D2-247D54811C45}.Debug|Mixed Platforms.ActiveCfg = Debug|Any CPU
		{CBB895B4-8CC4-46F5-96D2-247D54811C45}.Debug|Mixed Platforms.Build.0 = Debug|Any CPU
		{CBB895B4-8CC4-46F5-96D2-247D54811C45}.Debug|x86.ActiveCfg = Debug|Any CPU
		{CBB895B4-8CC4-46F5-96D2-247D54811C45}.Release|Any CPU.ActiveCfg = Release|Any CPU
		{CBB895B4-8CC4-46F5-96D2-247D54811C45}.Release|Any CPU.Build.0 = Release|Any CPU
		{CBB895B4-8CC4-46F5-96D2-247D54811C45}.Release|Mixed Platforms.ActiveCfg = Release|Any CPU
		{CBB895B4-8CC4-46F5-96D2-247D54811C45}.Release|Mixed Platforms.Build.0 = Release|Any CPU
		{CBB895B4-8CC4-46F5-96D2-247D54811C45}.Release|x86.ActiveCfg = Release|Any CPU
		{C8A0566E-DAA6-4FBD-B407-A9B806495F88}.Debug|Any CPU.ActiveCfg = Debug|Any CPU
		{C8A0566E-DAA6-4FBD-B407-A9B806495F88}.Debug|Any CPU.Build.0 = Debug|Any CPU
		{C8A0566E-DAA6-4FBD-B407-A9B806495F88}.Debug|Mixed Platforms.ActiveCfg = Debug|Any CPU
		{C8A0566E-DAA6-4FBD-B407-A9B806495F88}.Debug|Mixed Platforms.Build.0 = Debug|Any CPU
		{C8A0566E-DAA6-4FBD-B407-A9B806495F88}.Debug|x86.ActiveCfg = Debug|Any CPU
		{C8A0566E-DAA6-4FBD-B407-A9B806495F88}.Release|Any CPU.ActiveCfg = Release|Any CPU
		{C8A0566E-DAA6-4FBD-B407-A9B806495F88}.Release|Any CPU.Build.0 = Release|Any CPU
		{C8A0566E-DAA6-4FBD-B407-A9B806495F88}.Release|Mixed Platforms.ActiveCfg = Release|Any CPU
		{C8A0566E-DAA6-4FBD-B407-A9B806495F88}.Release|Mixed Platforms.Build.0 = Release|Any CPU
		{C8A0566E-DAA6-4FBD-B407-A9B806495F88}.Release|x86.ActiveCfg = Release|Any CPU
		{FE696CD6-E0FD-4D4B-9BB2-6A20DFE0E11F}.Debug|Any CPU.ActiveCfg = Debug|Any CPU
		{FE696CD6-E0FD-4D4B-9BB2-6A20DFE0E11F}.Debug|Any CPU.Build.0 = Debug|Any CPU
		{FE696CD6-E0FD-4D4B-9BB2-6A20DFE0E11F}.Debug|Mixed Platforms.ActiveCfg = Debug|Any CPU
		{FE696CD6-E0FD-4D4B-9BB2-6A20DFE0E11F}.Debug|Mixed Platforms.Build.0 = Debug|Any CPU
		{FE696CD6-E0FD-4D4B-9BB2-6A20DFE0E11F}.Debug|x86.ActiveCfg = Debug|Any CPU
		{FE696CD6-E0FD-4D4B-9BB2-6A20DFE0E11F}.Release|Any CPU.ActiveCfg = Release|Any CPU
		{FE696CD6-E0FD-4D4B-9BB2-6A20DFE0E11F}.Release|Any CPU.Build.0 = Release|Any CPU
		{FE696CD6-E0FD-4D4B-9BB2-6A20DFE0E11F}.Release|Mixed Platforms.ActiveCfg = Release|Any CPU
		{FE696CD6-E0FD-4D4B-9BB2-6A20DFE0E11F}.Release|Mixed Platforms.Build.0 = Release|Any CPU
		{FE696CD6-E0FD-4D4B-9BB2-6A20DFE0E11F}.Release|x86.ActiveCfg = Release|Any CPU
		{1B2715B7-6174-4CBD-B5A4-A871074D4AF2}.Debug|Any CPU.ActiveCfg = Debug|Any CPU
		{1B2715B7-6174-4CBD-B5A4-A871074D4AF2}.Debug|Any CPU.Build.0 = Debug|Any CPU
		{1B2715B7-6174-4CBD-B5A4-A871074D4AF2}.Debug|Mixed Platforms.ActiveCfg = Debug|Any CPU
		{1B2715B7-6174-4CBD-B5A4-A871074D4AF2}.Debug|Mixed Platforms.Build.0 = Debug|Any CPU
		{1B2715B7-6174-4CBD-B5A4-A871074D4AF2}.Debug|x86.ActiveCfg = Debug|Any CPU
		{1B2715B7-6174-4CBD-B5A4-A871074D4AF2}.Release|Any CPU.ActiveCfg = Release|Any CPU
		{1B2715B7-6174-4CBD-B5A4-A871074D4AF2}.Release|Any CPU.Build.0 = Release|Any CPU
		{1B2715B7-6174-4CBD-B5A4-A871074D4AF2}.Release|Mixed Platforms.ActiveCfg = Release|Any CPU
		{1B2715B7-6174-4CBD-B5A4-A871074D4AF2}.Release|Mixed Platforms.Build.0 = Release|Any CPU
		{1B2715B7-6174-4CBD-B5A4-A871074D4AF2}.Release|x86.ActiveCfg = Release|Any CPU
		{B58AC962-F390-4C4E-AF07-86F3FD419766}.Debug|Any CPU.ActiveCfg = Debug|Any CPU
		{B58AC962-F390-4C4E-AF07-86F3FD419766}.Debug|Any CPU.Build.0 = Debug|Any CPU
		{B58AC962-F390-4C4E-AF07-86F3FD419766}.Debug|Any CPU.Deploy.0 = Debug|Any CPU
		{B58AC962-F390-4C4E-AF07-86F3FD419766}.Debug|Mixed Platforms.ActiveCfg = Debug|Any CPU
		{B58AC962-F390-4C4E-AF07-86F3FD419766}.Debug|Mixed Platforms.Build.0 = Debug|Any CPU
		{B58AC962-F390-4C4E-AF07-86F3FD419766}.Debug|Mixed Platforms.Deploy.0 = Debug|Any CPU
		{B58AC962-F390-4C4E-AF07-86F3FD419766}.Debug|x86.ActiveCfg = Debug|Any CPU
		{B58AC962-F390-4C4E-AF07-86F3FD419766}.Release|Any CPU.ActiveCfg = Release|Any CPU
		{B58AC962-F390-4C4E-AF07-86F3FD419766}.Release|Any CPU.Build.0 = Release|Any CPU
		{B58AC962-F390-4C4E-AF07-86F3FD419766}.Release|Any CPU.Deploy.0 = Release|Any CPU
		{B58AC962-F390-4C4E-AF07-86F3FD419766}.Release|Mixed Platforms.ActiveCfg = Release|Any CPU
		{B58AC962-F390-4C4E-AF07-86F3FD419766}.Release|Mixed Platforms.Build.0 = Release|Any CPU
		{B58AC962-F390-4C4E-AF07-86F3FD419766}.Release|Mixed Platforms.Deploy.0 = Release|Any CPU
		{B58AC962-F390-4C4E-AF07-86F3FD419766}.Release|x86.ActiveCfg = Release|Any CPU
		{24171A35-F47D-4CC5-8D4B-46132BF26610}.Debug|Any CPU.ActiveCfg = Debug|Any CPU
		{24171A35-F47D-4CC5-8D4B-46132BF26610}.Debug|Any CPU.Build.0 = Debug|Any CPU
		{24171A35-F47D-4CC5-8D4B-46132BF26610}.Debug|Any CPU.Deploy.0 = Debug|Any CPU
		{24171A35-F47D-4CC5-8D4B-46132BF26610}.Debug|Mixed Platforms.ActiveCfg = Debug|Any CPU
		{24171A35-F47D-4CC5-8D4B-46132BF26610}.Debug|Mixed Platforms.Build.0 = Debug|Any CPU
		{24171A35-F47D-4CC5-8D4B-46132BF26610}.Debug|Mixed Platforms.Deploy.0 = Debug|Any CPU
		{24171A35-F47D-4CC5-8D4B-46132BF26610}.Debug|x86.ActiveCfg = Debug|Any CPU
		{24171A35-F47D-4CC5-8D4B-46132BF26610}.Release|Any CPU.ActiveCfg = Release|Any CPU
		{24171A35-F47D-4CC5-8D4B-46132BF26610}.Release|Any CPU.Build.0 = Release|Any CPU
		{24171A35-F47D-4CC5-8D4B-46132BF26610}.Release|Any CPU.Deploy.0 = Release|Any CPU
		{24171A35-F47D-4CC5-8D4B-46132BF26610}.Release|Mixed Platforms.ActiveCfg = Release|Any CPU
		{24171A35-F47D-4CC5-8D4B-46132BF26610}.Release|Mixed Platforms.Build.0 = Release|Any CPU
		{24171A35-F47D-4CC5-8D4B-46132BF26610}.Release|Mixed Platforms.Deploy.0 = Release|Any CPU
		{24171A35-F47D-4CC5-8D4B-46132BF26610}.Release|x86.ActiveCfg = Release|Any CPU
		{0E9849E7-7CC1-48B5-81AA-43C066F8DBEB}.Debug|Any CPU.ActiveCfg = Debug|Any CPU
		{0E9849E7-7CC1-48B5-81AA-43C066F8DBEB}.Debug|Any CPU.Build.0 = Debug|Any CPU
		{0E9849E7-7CC1-48B5-81AA-43C066F8DBEB}.Debug|Any CPU.Deploy.0 = Debug|Any CPU
		{0E9849E7-7CC1-48B5-81AA-43C066F8DBEB}.Debug|Mixed Platforms.ActiveCfg = Debug|Any CPU
		{0E9849E7-7CC1-48B5-81AA-43C066F8DBEB}.Debug|Mixed Platforms.Build.0 = Debug|Any CPU
		{0E9849E7-7CC1-48B5-81AA-43C066F8DBEB}.Debug|Mixed Platforms.Deploy.0 = Debug|Any CPU
		{0E9849E7-7CC1-48B5-81AA-43C066F8DBEB}.Debug|x86.ActiveCfg = Debug|Any CPU
		{0E9849E7-7CC1-48B5-81AA-43C066F8DBEB}.Release|Any CPU.ActiveCfg = Release|Any CPU
		{0E9849E7-7CC1-48B5-81AA-43C066F8DBEB}.Release|Any CPU.Build.0 = Release|Any CPU
		{0E9849E7-7CC1-48B5-81AA-43C066F8DBEB}.Release|Any CPU.Deploy.0 = Release|Any CPU
		{0E9849E7-7CC1-48B5-81AA-43C066F8DBEB}.Release|Mixed Platforms.ActiveCfg = Release|Any CPU
		{0E9849E7-7CC1-48B5-81AA-43C066F8DBEB}.Release|Mixed Platforms.Build.0 = Release|Any CPU
		{0E9849E7-7CC1-48B5-81AA-43C066F8DBEB}.Release|Mixed Platforms.Deploy.0 = Release|Any CPU
		{0E9849E7-7CC1-48B5-81AA-43C066F8DBEB}.Release|x86.ActiveCfg = Release|Any CPU
		{82DF5571-C721-4F20-B588-2B301F26C3AE}.Debug|Any CPU.ActiveCfg = Debug|Any CPU
		{82DF5571-C721-4F20-B588-2B301F26C3AE}.Debug|Any CPU.Build.0 = Debug|Any CPU
		{82DF5571-C721-4F20-B588-2B301F26C3AE}.Debug|Any CPU.Deploy.0 = Debug|Any CPU
		{82DF5571-C721-4F20-B588-2B301F26C3AE}.Debug|Mixed Platforms.ActiveCfg = Debug|Any CPU
		{82DF5571-C721-4F20-B588-2B301F26C3AE}.Debug|Mixed Platforms.Build.0 = Debug|Any CPU
		{82DF5571-C721-4F20-B588-2B301F26C3AE}.Debug|Mixed Platforms.Deploy.0 = Debug|Any CPU
		{82DF5571-C721-4F20-B588-2B301F26C3AE}.Debug|x86.ActiveCfg = Debug|Any CPU
		{82DF5571-C721-4F20-B588-2B301F26C3AE}.Release|Any CPU.ActiveCfg = Release|Any CPU
		{82DF5571-C721-4F20-B588-2B301F26C3AE}.Release|Any CPU.Build.0 = Release|Any CPU
		{82DF5571-C721-4F20-B588-2B301F26C3AE}.Release|Any CPU.Deploy.0 = Release|Any CPU
		{82DF5571-C721-4F20-B588-2B301F26C3AE}.Release|Mixed Platforms.ActiveCfg = Release|Any CPU
		{82DF5571-C721-4F20-B588-2B301F26C3AE}.Release|Mixed Platforms.Build.0 = Release|Any CPU
		{82DF5571-C721-4F20-B588-2B301F26C3AE}.Release|Mixed Platforms.Deploy.0 = Release|Any CPU
		{82DF5571-C721-4F20-B588-2B301F26C3AE}.Release|x86.ActiveCfg = Release|Any CPU
		{AC5B0A92-E4D4-419C-AD50-3FAF20947299}.Debug|Any CPU.ActiveCfg = Debug|Any CPU
		{AC5B0A92-E4D4-419C-AD50-3FAF20947299}.Debug|Any CPU.Build.0 = Debug|Any CPU
		{AC5B0A92-E4D4-419C-AD50-3FAF20947299}.Debug|Mixed Platforms.ActiveCfg = Debug|Any CPU
		{AC5B0A92-E4D4-419C-AD50-3FAF20947299}.Debug|Mixed Platforms.Build.0 = Debug|Any CPU
		{AC5B0A92-E4D4-419C-AD50-3FAF20947299}.Debug|x86.ActiveCfg = Debug|Any CPU
		{AC5B0A92-E4D4-419C-AD50-3FAF20947299}.Release|Any CPU.ActiveCfg = Release|Any CPU
		{AC5B0A92-E4D4-419C-AD50-3FAF20947299}.Release|Any CPU.Build.0 = Release|Any CPU
		{AC5B0A92-E4D4-419C-AD50-3FAF20947299}.Release|Mixed Platforms.ActiveCfg = Release|Any CPU
		{AC5B0A92-E4D4-419C-AD50-3FAF20947299}.Release|Mixed Platforms.Build.0 = Release|Any CPU
		{AC5B0A92-E4D4-419C-AD50-3FAF20947299}.Release|x86.ActiveCfg = Release|Any CPU
		{E797CC15-691D-4284-BC3F-B9E866E00AAF}.Debug|Any CPU.ActiveCfg = Debug|Any CPU
		{E797CC15-691D-4284-BC3F-B9E866E00AAF}.Debug|Any CPU.Build.0 = Debug|Any CPU
		{E797CC15-691D-4284-BC3F-B9E866E00AAF}.Debug|Mixed Platforms.ActiveCfg = Debug|Any CPU
		{E797CC15-691D-4284-BC3F-B9E866E00AAF}.Debug|Mixed Platforms.Build.0 = Debug|Any CPU
		{E797CC15-691D-4284-BC3F-B9E866E00AAF}.Debug|x86.ActiveCfg = Debug|Any CPU
		{E797CC15-691D-4284-BC3F-B9E866E00AAF}.Release|Any CPU.ActiveCfg = Release|Any CPU
		{E797CC15-691D-4284-BC3F-B9E866E00AAF}.Release|Any CPU.Build.0 = Release|Any CPU
		{E797CC15-691D-4284-BC3F-B9E866E00AAF}.Release|Mixed Platforms.ActiveCfg = Release|Any CPU
		{E797CC15-691D-4284-BC3F-B9E866E00AAF}.Release|Mixed Platforms.Build.0 = Release|Any CPU
		{E797CC15-691D-4284-BC3F-B9E866E00AAF}.Release|x86.ActiveCfg = Release|Any CPU
		{5E3A3770-169D-484E-8F97-E98642F91A58}.Debug|Any CPU.ActiveCfg = Debug|Any CPU
		{5E3A3770-169D-484E-8F97-E98642F91A58}.Debug|Any CPU.Build.0 = Debug|Any CPU
		{5E3A3770-169D-484E-8F97-E98642F91A58}.Debug|Mixed Platforms.ActiveCfg = Debug|Any CPU
		{5E3A3770-169D-484E-8F97-E98642F91A58}.Debug|Mixed Platforms.Build.0 = Debug|Any CPU
		{5E3A3770-169D-484E-8F97-E98642F91A58}.Debug|x86.ActiveCfg = Debug|Any CPU
		{5E3A3770-169D-484E-8F97-E98642F91A58}.Release|Any CPU.ActiveCfg = Release|Any CPU
		{5E3A3770-169D-484E-8F97-E98642F91A58}.Release|Any CPU.Build.0 = Release|Any CPU
		{5E3A3770-169D-484E-8F97-E98642F91A58}.Release|Mixed Platforms.ActiveCfg = Release|Any CPU
		{5E3A3770-169D-484E-8F97-E98642F91A58}.Release|Mixed Platforms.Build.0 = Release|Any CPU
		{5E3A3770-169D-484E-8F97-E98642F91A58}.Release|x86.ActiveCfg = Release|Any CPU
		{60CFEEA1-03D9-4A81-BD9F-161A78A5D005}.Debug|Any CPU.ActiveCfg = Debug|Any CPU
		{60CFEEA1-03D9-4A81-BD9F-161A78A5D005}.Debug|Any CPU.Build.0 = Debug|Any CPU
		{60CFEEA1-03D9-4A81-BD9F-161A78A5D005}.Debug|Mixed Platforms.ActiveCfg = Debug|Any CPU
		{60CFEEA1-03D9-4A81-BD9F-161A78A5D005}.Debug|Mixed Platforms.Build.0 = Debug|Any CPU
		{60CFEEA1-03D9-4A81-BD9F-161A78A5D005}.Debug|x86.ActiveCfg = Debug|Any CPU
		{60CFEEA1-03D9-4A81-BD9F-161A78A5D005}.Release|Any CPU.ActiveCfg = Release|Any CPU
		{60CFEEA1-03D9-4A81-BD9F-161A78A5D005}.Release|Any CPU.Build.0 = Release|Any CPU
		{60CFEEA1-03D9-4A81-BD9F-161A78A5D005}.Release|Mixed Platforms.ActiveCfg = Release|Any CPU
		{60CFEEA1-03D9-4A81-BD9F-161A78A5D005}.Release|Mixed Platforms.Build.0 = Release|Any CPU
		{60CFEEA1-03D9-4A81-BD9F-161A78A5D005}.Release|x86.ActiveCfg = Release|Any CPU
		{BD08DF60-216F-4CC7-BBA5-532AC929DACE}.Debug|Any CPU.ActiveCfg = Debug|Any CPU
		{BD08DF60-216F-4CC7-BBA5-532AC929DACE}.Debug|Any CPU.Build.0 = Debug|Any CPU
		{BD08DF60-216F-4CC7-BBA5-532AC929DACE}.Debug|Mixed Platforms.ActiveCfg = Debug|Any CPU
		{BD08DF60-216F-4CC7-BBA5-532AC929DACE}.Debug|Mixed Platforms.Build.0 = Debug|Any CPU
		{BD08DF60-216F-4CC7-BBA5-532AC929DACE}.Debug|x86.ActiveCfg = Debug|Any CPU
		{BD08DF60-216F-4CC7-BBA5-532AC929DACE}.Release|Any CPU.ActiveCfg = Release|Any CPU
		{BD08DF60-216F-4CC7-BBA5-532AC929DACE}.Release|Any CPU.Build.0 = Release|Any CPU
		{BD08DF60-216F-4CC7-BBA5-532AC929DACE}.Release|Mixed Platforms.ActiveCfg = Release|Any CPU
		{BD08DF60-216F-4CC7-BBA5-532AC929DACE}.Release|Mixed Platforms.Build.0 = Release|Any CPU
		{BD08DF60-216F-4CC7-BBA5-532AC929DACE}.Release|x86.ActiveCfg = Release|Any CPU
		{29F3A56F-B6D3-4176-A784-2F347CCA3B0C}.Debug|Any CPU.ActiveCfg = Debug|Any CPU
		{29F3A56F-B6D3-4176-A784-2F347CCA3B0C}.Debug|Any CPU.Build.0 = Debug|Any CPU
		{29F3A56F-B6D3-4176-A784-2F347CCA3B0C}.Debug|Mixed Platforms.ActiveCfg = Debug|Any CPU
		{29F3A56F-B6D3-4176-A784-2F347CCA3B0C}.Debug|Mixed Platforms.Build.0 = Debug|Any CPU
		{29F3A56F-B6D3-4176-A784-2F347CCA3B0C}.Debug|x86.ActiveCfg = Debug|Any CPU
		{29F3A56F-B6D3-4176-A784-2F347CCA3B0C}.Release|Any CPU.ActiveCfg = Release|Any CPU
		{29F3A56F-B6D3-4176-A784-2F347CCA3B0C}.Release|Any CPU.Build.0 = Release|Any CPU
		{29F3A56F-B6D3-4176-A784-2F347CCA3B0C}.Release|Mixed Platforms.ActiveCfg = Release|Any CPU
		{29F3A56F-B6D3-4176-A784-2F347CCA3B0C}.Release|Mixed Platforms.Build.0 = Release|Any CPU
		{29F3A56F-B6D3-4176-A784-2F347CCA3B0C}.Release|x86.ActiveCfg = Release|Any CPU
		{04DBE653-E77B-4434-A604-04DE48647CD0}.Debug|Any CPU.ActiveCfg = Debug|Any CPU
		{04DBE653-E77B-4434-A604-04DE48647CD0}.Debug|Any CPU.Build.0 = Debug|Any CPU
		{04DBE653-E77B-4434-A604-04DE48647CD0}.Debug|Mixed Platforms.ActiveCfg = Debug|Any CPU
		{04DBE653-E77B-4434-A604-04DE48647CD0}.Debug|Mixed Platforms.Build.0 = Debug|Any CPU
		{04DBE653-E77B-4434-A604-04DE48647CD0}.Debug|x86.ActiveCfg = Debug|Any CPU
		{04DBE653-E77B-4434-A604-04DE48647CD0}.Release|Any CPU.ActiveCfg = Release|Any CPU
		{04DBE653-E77B-4434-A604-04DE48647CD0}.Release|Any CPU.Build.0 = Release|Any CPU
		{04DBE653-E77B-4434-A604-04DE48647CD0}.Release|Mixed Platforms.ActiveCfg = Release|Any CPU
		{04DBE653-E77B-4434-A604-04DE48647CD0}.Release|Mixed Platforms.Build.0 = Release|Any CPU
		{04DBE653-E77B-4434-A604-04DE48647CD0}.Release|x86.ActiveCfg = Release|Any CPU
		{CF1EFFE6-39D7-4014-A3D5-76A64B1CE448}.Debug|Any CPU.ActiveCfg = Debug|Any CPU
		{CF1EFFE6-39D7-4014-A3D5-76A64B1CE448}.Debug|Any CPU.Build.0 = Debug|Any CPU
		{CF1EFFE6-39D7-4014-A3D5-76A64B1CE448}.Debug|Mixed Platforms.ActiveCfg = Debug|Any CPU
		{CF1EFFE6-39D7-4014-A3D5-76A64B1CE448}.Debug|Mixed Platforms.Build.0 = Debug|Any CPU
		{CF1EFFE6-39D7-4014-A3D5-76A64B1CE448}.Debug|x86.ActiveCfg = Debug|Any CPU
		{CF1EFFE6-39D7-4014-A3D5-76A64B1CE448}.Release|Any CPU.ActiveCfg = Release|Any CPU
		{CF1EFFE6-39D7-4014-A3D5-76A64B1CE448}.Release|Any CPU.Build.0 = Release|Any CPU
		{CF1EFFE6-39D7-4014-A3D5-76A64B1CE448}.Release|Mixed Platforms.ActiveCfg = Release|Any CPU
		{CF1EFFE6-39D7-4014-A3D5-76A64B1CE448}.Release|Mixed Platforms.Build.0 = Release|Any CPU
		{CF1EFFE6-39D7-4014-A3D5-76A64B1CE448}.Release|x86.ActiveCfg = Release|Any CPU
		{C2E5AC5F-4D0F-4878-A456-CE78D16FC6C0}.Debug|Any CPU.ActiveCfg = Debug|Any CPU
		{C2E5AC5F-4D0F-4878-A456-CE78D16FC6C0}.Debug|Any CPU.Build.0 = Debug|Any CPU
		{C2E5AC5F-4D0F-4878-A456-CE78D16FC6C0}.Debug|Mixed Platforms.ActiveCfg = Debug|Any CPU
		{C2E5AC5F-4D0F-4878-A456-CE78D16FC6C0}.Debug|Mixed Platforms.Build.0 = Debug|Any CPU
		{C2E5AC5F-4D0F-4878-A456-CE78D16FC6C0}.Debug|x86.ActiveCfg = Debug|Any CPU
		{C2E5AC5F-4D0F-4878-A456-CE78D16FC6C0}.Release|Any CPU.ActiveCfg = Release|Any CPU
		{C2E5AC5F-4D0F-4878-A456-CE78D16FC6C0}.Release|Any CPU.Build.0 = Release|Any CPU
		{C2E5AC5F-4D0F-4878-A456-CE78D16FC6C0}.Release|Mixed Platforms.ActiveCfg = Release|Any CPU
		{C2E5AC5F-4D0F-4878-A456-CE78D16FC6C0}.Release|Mixed Platforms.Build.0 = Release|Any CPU
		{C2E5AC5F-4D0F-4878-A456-CE78D16FC6C0}.Release|x86.ActiveCfg = Release|Any CPU
		{87712199-3F2A-4FD4-A08F-80A444F8AA93}.Debug|Any CPU.ActiveCfg = Debug|Any CPU
		{87712199-3F2A-4FD4-A08F-80A444F8AA93}.Debug|Any CPU.Build.0 = Debug|Any CPU
		{87712199-3F2A-4FD4-A08F-80A444F8AA93}.Debug|Any CPU.Deploy.0 = Debug|Any CPU
		{87712199-3F2A-4FD4-A08F-80A444F8AA93}.Debug|Mixed Platforms.ActiveCfg = Debug|Any CPU
		{87712199-3F2A-4FD4-A08F-80A444F8AA93}.Debug|Mixed Platforms.Build.0 = Debug|Any CPU
		{87712199-3F2A-4FD4-A08F-80A444F8AA93}.Debug|Mixed Platforms.Deploy.0 = Debug|Any CPU
		{87712199-3F2A-4FD4-A08F-80A444F8AA93}.Debug|x86.ActiveCfg = Debug|Any CPU
		{87712199-3F2A-4FD4-A08F-80A444F8AA93}.Release|Any CPU.ActiveCfg = Release|Any CPU
		{87712199-3F2A-4FD4-A08F-80A444F8AA93}.Release|Any CPU.Build.0 = Release|Any CPU
		{87712199-3F2A-4FD4-A08F-80A444F8AA93}.Release|Any CPU.Deploy.0 = Release|Any CPU
		{87712199-3F2A-4FD4-A08F-80A444F8AA93}.Release|Mixed Platforms.ActiveCfg = Release|Any CPU
		{87712199-3F2A-4FD4-A08F-80A444F8AA93}.Release|Mixed Platforms.Build.0 = Release|Any CPU
		{87712199-3F2A-4FD4-A08F-80A444F8AA93}.Release|Mixed Platforms.Deploy.0 = Release|Any CPU
		{87712199-3F2A-4FD4-A08F-80A444F8AA93}.Release|x86.ActiveCfg = Release|Any CPU
		{CE076AE6-7711-4359-B98B-55EF72B18113}.Debug|Any CPU.ActiveCfg = Debug|Any CPU
		{CE076AE6-7711-4359-B98B-55EF72B18113}.Debug|Any CPU.Build.0 = Debug|Any CPU
		{CE076AE6-7711-4359-B98B-55EF72B18113}.Debug|Any CPU.Deploy.0 = Debug|Any CPU
		{CE076AE6-7711-4359-B98B-55EF72B18113}.Debug|Mixed Platforms.ActiveCfg = Debug|Any CPU
		{CE076AE6-7711-4359-B98B-55EF72B18113}.Debug|Mixed Platforms.Build.0 = Debug|Any CPU
		{CE076AE6-7711-4359-B98B-55EF72B18113}.Debug|Mixed Platforms.Deploy.0 = Debug|Any CPU
		{CE076AE6-7711-4359-B98B-55EF72B18113}.Debug|x86.ActiveCfg = Debug|Any CPU
		{CE076AE6-7711-4359-B98B-55EF72B18113}.Release|Any CPU.ActiveCfg = Release|Any CPU
		{CE076AE6-7711-4359-B98B-55EF72B18113}.Release|Any CPU.Build.0 = Release|Any CPU
		{CE076AE6-7711-4359-B98B-55EF72B18113}.Release|Any CPU.Deploy.0 = Release|Any CPU
		{CE076AE6-7711-4359-B98B-55EF72B18113}.Release|Mixed Platforms.ActiveCfg = Release|Any CPU
		{CE076AE6-7711-4359-B98B-55EF72B18113}.Release|Mixed Platforms.Build.0 = Release|Any CPU
		{CE076AE6-7711-4359-B98B-55EF72B18113}.Release|Mixed Platforms.Deploy.0 = Release|Any CPU
		{CE076AE6-7711-4359-B98B-55EF72B18113}.Release|x86.ActiveCfg = Release|Any CPU
		{CC939252-A3DC-498F-A40C-05F8A2AE6A1D}.Debug|Any CPU.ActiveCfg = Debug|Any CPU
		{CC939252-A3DC-498F-A40C-05F8A2AE6A1D}.Debug|Any CPU.Build.0 = Debug|Any CPU
		{CC939252-A3DC-498F-A40C-05F8A2AE6A1D}.Debug|Any CPU.Deploy.0 = Debug|Any CPU
		{CC939252-A3DC-498F-A40C-05F8A2AE6A1D}.Debug|Mixed Platforms.ActiveCfg = Debug|Any CPU
		{CC939252-A3DC-498F-A40C-05F8A2AE6A1D}.Debug|Mixed Platforms.Build.0 = Debug|Any CPU
		{CC939252-A3DC-498F-A40C-05F8A2AE6A1D}.Debug|Mixed Platforms.Deploy.0 = Debug|Any CPU
		{CC939252-A3DC-498F-A40C-05F8A2AE6A1D}.Debug|x86.ActiveCfg = Debug|Any CPU
		{CC939252-A3DC-498F-A40C-05F8A2AE6A1D}.Release|Any CPU.ActiveCfg = Release|Any CPU
		{CC939252-A3DC-498F-A40C-05F8A2AE6A1D}.Release|Any CPU.Build.0 = Release|Any CPU
		{CC939252-A3DC-498F-A40C-05F8A2AE6A1D}.Release|Any CPU.Deploy.0 = Release|Any CPU
		{CC939252-A3DC-498F-A40C-05F8A2AE6A1D}.Release|Mixed Platforms.ActiveCfg = Release|Any CPU
		{CC939252-A3DC-498F-A40C-05F8A2AE6A1D}.Release|Mixed Platforms.Build.0 = Release|Any CPU
		{CC939252-A3DC-498F-A40C-05F8A2AE6A1D}.Release|Mixed Platforms.Deploy.0 = Release|Any CPU
		{CC939252-A3DC-498F-A40C-05F8A2AE6A1D}.Release|x86.ActiveCfg = Release|Any CPU
		{070EB8C0-AEF1-4789-8365-BC74D437DF97}.Debug|Any CPU.ActiveCfg = Debug|Any CPU
		{070EB8C0-AEF1-4789-8365-BC74D437DF97}.Debug|Any CPU.Build.0 = Debug|Any CPU
		{070EB8C0-AEF1-4789-8365-BC74D437DF97}.Debug|Any CPU.Deploy.0 = Debug|Any CPU
		{070EB8C0-AEF1-4789-8365-BC74D437DF97}.Debug|Mixed Platforms.ActiveCfg = Debug|Any CPU
		{070EB8C0-AEF1-4789-8365-BC74D437DF97}.Debug|Mixed Platforms.Build.0 = Debug|Any CPU
		{070EB8C0-AEF1-4789-8365-BC74D437DF97}.Debug|Mixed Platforms.Deploy.0 = Debug|Any CPU
		{070EB8C0-AEF1-4789-8365-BC74D437DF97}.Debug|x86.ActiveCfg = Debug|Any CPU
		{070EB8C0-AEF1-4789-8365-BC74D437DF97}.Release|Any CPU.ActiveCfg = Release|Any CPU
		{070EB8C0-AEF1-4789-8365-BC74D437DF97}.Release|Any CPU.Build.0 = Release|Any CPU
		{070EB8C0-AEF1-4789-8365-BC74D437DF97}.Release|Any CPU.Deploy.0 = Release|Any CPU
		{070EB8C0-AEF1-4789-8365-BC74D437DF97}.Release|Mixed Platforms.ActiveCfg = Release|Any CPU
		{070EB8C0-AEF1-4789-8365-BC74D437DF97}.Release|Mixed Platforms.Build.0 = Release|Any CPU
		{070EB8C0-AEF1-4789-8365-BC74D437DF97}.Release|Mixed Platforms.Deploy.0 = Release|Any CPU
		{070EB8C0-AEF1-4789-8365-BC74D437DF97}.Release|x86.ActiveCfg = Release|Any CPU
		{04B9AE65-4CC4-4DA1-B3F7-50D1740F14AE}.Debug|Any CPU.ActiveCfg = Debug|Any CPU
		{04B9AE65-4CC4-4DA1-B3F7-50D1740F14AE}.Debug|Any CPU.Build.0 = Debug|Any CPU
		{04B9AE65-4CC4-4DA1-B3F7-50D1740F14AE}.Debug|Any CPU.Deploy.0 = Debug|Any CPU
		{04B9AE65-4CC4-4DA1-B3F7-50D1740F14AE}.Debug|Mixed Platforms.ActiveCfg = Debug|Any CPU
		{04B9AE65-4CC4-4DA1-B3F7-50D1740F14AE}.Debug|Mixed Platforms.Build.0 = Debug|Any CPU
		{04B9AE65-4CC4-4DA1-B3F7-50D1740F14AE}.Debug|Mixed Platforms.Deploy.0 = Debug|Any CPU
		{04B9AE65-4CC4-4DA1-B3F7-50D1740F14AE}.Debug|x86.ActiveCfg = Debug|Any CPU
		{04B9AE65-4CC4-4DA1-B3F7-50D1740F14AE}.Release|Any CPU.ActiveCfg = Release|Any CPU
		{04B9AE65-4CC4-4DA1-B3F7-50D1740F14AE}.Release|Any CPU.Build.0 = Release|Any CPU
		{04B9AE65-4CC4-4DA1-B3F7-50D1740F14AE}.Release|Any CPU.Deploy.0 = Release|Any CPU
		{04B9AE65-4CC4-4DA1-B3F7-50D1740F14AE}.Release|Mixed Platforms.ActiveCfg = Release|Any CPU
		{04B9AE65-4CC4-4DA1-B3F7-50D1740F14AE}.Release|Mixed Platforms.Build.0 = Release|Any CPU
		{04B9AE65-4CC4-4DA1-B3F7-50D1740F14AE}.Release|Mixed Platforms.Deploy.0 = Release|Any CPU
		{04B9AE65-4CC4-4DA1-B3F7-50D1740F14AE}.Release|x86.ActiveCfg = Release|Any CPU
		{0A481BEF-6D7C-48A3-A332-ED963061158A}.Debug|Any CPU.ActiveCfg = Debug|Any CPU
		{0A481BEF-6D7C-48A3-A332-ED963061158A}.Debug|Any CPU.Build.0 = Debug|Any CPU
		{0A481BEF-6D7C-48A3-A332-ED963061158A}.Debug|Any CPU.Deploy.0 = Debug|Any CPU
		{0A481BEF-6D7C-48A3-A332-ED963061158A}.Debug|Mixed Platforms.ActiveCfg = Debug|Any CPU
		{0A481BEF-6D7C-48A3-A332-ED963061158A}.Debug|Mixed Platforms.Build.0 = Debug|Any CPU
		{0A481BEF-6D7C-48A3-A332-ED963061158A}.Debug|Mixed Platforms.Deploy.0 = Debug|Any CPU
		{0A481BEF-6D7C-48A3-A332-ED963061158A}.Debug|x86.ActiveCfg = Debug|Any CPU
		{0A481BEF-6D7C-48A3-A332-ED963061158A}.Release|Any CPU.ActiveCfg = Release|Any CPU
		{0A481BEF-6D7C-48A3-A332-ED963061158A}.Release|Any CPU.Build.0 = Release|Any CPU
		{0A481BEF-6D7C-48A3-A332-ED963061158A}.Release|Any CPU.Deploy.0 = Release|Any CPU
		{0A481BEF-6D7C-48A3-A332-ED963061158A}.Release|Mixed Platforms.ActiveCfg = Release|Any CPU
		{0A481BEF-6D7C-48A3-A332-ED963061158A}.Release|Mixed Platforms.Build.0 = Release|Any CPU
		{0A481BEF-6D7C-48A3-A332-ED963061158A}.Release|Mixed Platforms.Deploy.0 = Release|Any CPU
		{0A481BEF-6D7C-48A3-A332-ED963061158A}.Release|x86.ActiveCfg = Release|Any CPU
	EndGlobalSection
	GlobalSection(SolutionProperties) = preSolution
		HideSolutionNode = FALSE
	EndGlobalSection
	GlobalSection(NestedProjects) = preSolution
		{CBB895B4-8CC4-46F5-96D2-247D54811C45} = {1C85B68C-F549-4E93-845E-665E04B722A8}
		{C8A0566E-DAA6-4FBD-B407-A9B806495F88} = {1C85B68C-F549-4E93-845E-665E04B722A8}
		{76A70AF9-35EC-4A0D-92C0-C48752C53DF0} = {1C85B68C-F549-4E93-845E-665E04B722A8}
		{1C85B68C-F549-4E93-845E-665E04B722A8} = {C6AE0BAE-6DDB-4CE0-8E40-07233FC3F2F3}
		{F6E84214-4068-4FF3-ACC3-18A0BFACDF8C} = {C6AE0BAE-6DDB-4CE0-8E40-07233FC3F2F3}
		{B8765C38-208B-4D8A-89BD-490A6AB93009} = {57E8426E-9C10-4BEE-A19F-71FC097B74E9}
		{3A102B28-235F-4D88-BAE8-018511C0FD4B} = {57E8426E-9C10-4BEE-A19F-71FC097B74E9}
		{CFA58043-CAB1-4B6F-8504-35E397B8BBE0} = {F6E84214-4068-4FF3-ACC3-18A0BFACDF8C}
		{FE696CD6-E0FD-4D4B-9BB2-6A20DFE0E11F} = {F6E84214-4068-4FF3-ACC3-18A0BFACDF8C}
		{1B2715B7-6174-4CBD-B5A4-A871074D4AF2} = {F6E84214-4068-4FF3-ACC3-18A0BFACDF8C}
		{B58AC962-F390-4C4E-AF07-86F3FD419766} = {3A102B28-235F-4D88-BAE8-018511C0FD4B}
		{DEB4A14B-A542-4169-A2D8-C5B49ED4BA6D} = {BD6FE277-FA8F-452C-B15B-DA929898D5F8}
		{D02BD8CA-0117-422B-9770-A3B02DF4F3E1} = {BD6FE277-FA8F-452C-B15B-DA929898D5F8}
		{9246901D-BA7B-4CE8-BECD-89389C6956B0} = {1543F3EA-5B76-471B-A810-B4C19107565C}
		{2F040993-4957-44F4-913C-0AD0EF717AF8} = {1543F3EA-5B76-471B-A810-B4C19107565C}
		{EC07E887-91D9-44E7-84D7-8BDF627A3E60} = {1543F3EA-5B76-471B-A810-B4C19107565C}
		{35A48594-AA08-4704-AD10-1ED4ADDDED9B} = {1543F3EA-5B76-471B-A810-B4C19107565C}
		{24171A35-F47D-4CC5-8D4B-46132BF26610} = {616DE5A6-8583-4817-A8F9-46AACD8ADBAA}
		{0E9849E7-7CC1-48B5-81AA-43C066F8DBEB} = {616DE5A6-8583-4817-A8F9-46AACD8ADBAA}
		{82DF5571-C721-4F20-B588-2B301F26C3AE} = {616DE5A6-8583-4817-A8F9-46AACD8ADBAA}
		{7DCA6E58-5EEA-4C87-BB1B-224C3423A93C} = {C6AE0BAE-6DDB-4CE0-8E40-07233FC3F2F3}
		{37B576FF-11BE-4D45-83F4-6E693ECEB799} = {C6AE0BAE-6DDB-4CE0-8E40-07233FC3F2F3}
		{1A9BA106-9116-4145-A959-F3A815D8DD9B} = {7DCA6E58-5EEA-4C87-BB1B-224C3423A93C}
		{AC5B0A92-E4D4-419C-AD50-3FAF20947299} = {7DCA6E58-5EEA-4C87-BB1B-224C3423A93C}
		{E797CC15-691D-4284-BC3F-B9E866E00AAF} = {7DCA6E58-5EEA-4C87-BB1B-224C3423A93C}
		{A5E36E63-2CC8-4BAC-80C6-49C95AAF534C} = {37B576FF-11BE-4D45-83F4-6E693ECEB799}
		{5E3A3770-169D-484E-8F97-E98642F91A58} = {37B576FF-11BE-4D45-83F4-6E693ECEB799}
		{60CFEEA1-03D9-4A81-BD9F-161A78A5D005} = {37B576FF-11BE-4D45-83F4-6E693ECEB799}
		{0CFD5651-923C-4D4C-9D3A-67A58ECD7CB4} = {57E8426E-9C10-4BEE-A19F-71FC097B74E9}
		{57E03E08-13B1-415D-81D6-786B9AE7D9D5} = {B8765C38-208B-4D8A-89BD-490A6AB93009}
		{3AC05DEA-EABF-482C-AAC7-D52CB76BD240} = {0CFD5651-923C-4D4C-9D3A-67A58ECD7CB4}
		{BD08DF60-216F-4CC7-BBA5-532AC929DACE} = {B8765C38-208B-4D8A-89BD-490A6AB93009}
		{29F3A56F-B6D3-4176-A784-2F347CCA3B0C} = {B8765C38-208B-4D8A-89BD-490A6AB93009}
		{04DBE653-E77B-4434-A604-04DE48647CD0} = {0CFD5651-923C-4D4C-9D3A-67A58ECD7CB4}
		{CF1EFFE6-39D7-4014-A3D5-76A64B1CE448} = {0CFD5651-923C-4D4C-9D3A-67A58ECD7CB4}
		{C2E5AC5F-4D0F-4878-A456-CE78D16FC6C0} = {38B397B3-A7ED-479B-A151-E6200A2057F1}
		{C73041D5-E4FB-4EBF-87AB-7C138399CBC5} = {BD6FE277-FA8F-452C-B15B-DA929898D5F8}
		{06C8B867-4DB2-4448-8827-4717C3258529} = {BD6FE277-FA8F-452C-B15B-DA929898D5F8}
		{C8473A2B-E27D-4CB1-8E68-A315A6796513} = {BD6FE277-FA8F-452C-B15B-DA929898D5F8}
		{6CF7DB6F-B33C-4167-BA8A-BAC35075CD55} = {8EBB5C6A-275B-42E3-A68C-F202524AAE85}
		{C3DB2CB6-D935-4CB1-80AF-9ED1D9BE3AC1} = {8EBB5C6A-275B-42E3-A68C-F202524AAE85}
		{87712199-3F2A-4FD4-A08F-80A444F8AA93} = {7672A071-4BCC-40D7-B540-B59A8F76BEB0}
		{88AB822B-B7D3-4877-A9A7-003A7170E979} = {6CF7DB6F-B33C-4167-BA8A-BAC35075CD55}
		{2C447B01-952C-4A50-AA90-2F0000E6F07F} = {6CF7DB6F-B33C-4167-BA8A-BAC35075CD55}
		{EBD8CA8D-0C20-49F1-9FBF-725F869DC94C} = {6CF7DB6F-B33C-4167-BA8A-BAC35075CD55}
		{C9503BA6-76F8-4BA8-99A1-6515DD7EACB3} = {6CF7DB6F-B33C-4167-BA8A-BAC35075CD55}
		{CE076AE6-7711-4359-B98B-55EF72B18113} = {7672A071-4BCC-40D7-B540-B59A8F76BEB0}
		{DCE2D428-47C5-4577-9BDB-F19A10D01807} = {C3DB2CB6-D935-4CB1-80AF-9ED1D9BE3AC1}
		{CC939252-A3DC-498F-A40C-05F8A2AE6A1D} = {7672A071-4BCC-40D7-B540-B59A8F76BEB0}
		{4F6A4D22-EE38-4493-982F-01FA3175DA69} = {C1506BA1-46B3-4FE0-9F59-D854BC64E49B}
		{BAE344F9-BFFD-47E7-8675-CF2D884480D2} = {FA9CF8D3-BFEB-48AE-8FF9-0488EFD97596}
		{81D9F870-F18F-47D5-9C9A-9D9BA0576C4B} = {81B6382C-C37B-481E-B35A-3BAD321BFB89}
		{97E88847-0FA3-4929-B051-5A1E41E94C33} = {81B6382C-C37B-481E-B35A-3BAD321BFB89}
		{03BC4892-178E-4464-B52E-5DD1939047F8} = {FA9CF8D3-BFEB-48AE-8FF9-0488EFD97596}
		{070EB8C0-AEF1-4789-8365-BC74D437DF97} = {7672A071-4BCC-40D7-B540-B59A8F76BEB0}
		{0F01D540-FE2E-4786-8697-7F2C097E516D} = {FA9CF8D3-BFEB-48AE-8FF9-0488EFD97596}
		{FA8F4761-88BF-497C-A38E-64743EF6ECDF} = {FA9CF8D3-BFEB-48AE-8FF9-0488EFD97596}
		{BC5F5562-784A-4140-9B70-3A7ACDF2987A} = {C1506BA1-46B3-4FE0-9F59-D854BC64E49B}
		{16C85494-AAA2-4538-92D2-04ECAF14E88E} = {C1506BA1-46B3-4FE0-9F59-D854BC64E49B}
		{04B9AE65-4CC4-4DA1-B3F7-50D1740F14AE} = {7672A071-4BCC-40D7-B540-B59A8F76BEB0}
		{0A481BEF-6D7C-48A3-A332-ED963061158A} = {7672A071-4BCC-40D7-B540-B59A8F76BEB0}
		{FA9CF8D3-BFEB-48AE-8FF9-0488EFD97596} = {C1506BA1-46B3-4FE0-9F59-D854BC64E49B}
		{81B6382C-C37B-481E-B35A-3BAD321BFB89} = {8EBB5C6A-275B-42E3-A68C-F202524AAE85}
		{37777689-9697-4128-95D1-BC630B061AFB} = {81B6382C-C37B-481E-B35A-3BAD321BFB89}
		{4001A371-80E2-4DA8-AE8A-15D338CC87EC} = {81B6382C-C37B-481E-B35A-3BAD321BFB89}
		{A7F12293-6743-40DA-A959-0DAC59B70AFC} = {81B6382C-C37B-481E-B35A-3BAD321BFB89}
	EndGlobalSection
EndGlobal
