
Microsoft Visual Studio Solution File, Format Version 12.00
# Visual Studio 2013
VisualStudioVersion = 12.0.31101.0
MinimumVisualStudioVersion = 10.0.40219.1
Project("{2150E333-8FDC-42A3-9474-1A3956D46DE8}") = "Core", "Core", "{C6AE0BAE-6DDB-4CE0-8E40-07233FC3F2F3}"
	ProjectSection(SolutionItems) = preProject
		Core\semver.txt = Core\semver.txt
	EndProjectSection
EndProject
Project("{2150E333-8FDC-42A3-9474-1A3956D46DE8}") = "Features", "Features", "{8EBB5C6A-275B-42E3-A68C-F202524AAE85}"
EndProject
Project("{FAE04EC0-301F-11D3-BF4B-00C04F79EFBC}") = "uScoober (Micro-4.2)", "Core\uScoober\Micro-4.2\uScoober (Micro-4.2).csproj", "{CBB895B4-8CC4-46F5-96D2-247D54811C45}"
EndProject
Project("{FAE04EC0-301F-11D3-BF4B-00C04F79EFBC}") = "uScoober (Micro-4.3)", "Core\uScoober\Micro-4.3\uScoober (Micro-4.3).csproj", "{C8A0566E-DAA6-4FBD-B407-A9B806495F88}"
EndProject
Project("{D954291E-2A0B-460D-934E-DC6B0785DB48}") = "uScoober (Shared)", "Core\uScoober\Shared\uScoober (Shared).shproj", "{76A70AF9-35EC-4A0D-92C0-C48752C53DF0}"
EndProject
Project("{2150E333-8FDC-42A3-9474-1A3956D46DE8}") = "Hardware", "Hardware", "{BD6FE277-FA8F-452C-B15B-DA929898D5F8}"
EndProject
Project("{2150E333-8FDC-42A3-9474-1A3956D46DE8}") = "uScoober", "uScoober", "{1C85B68C-F549-4E93-845E-665E04B722A8}"
EndProject
Project("{2150E333-8FDC-42A3-9474-1A3956D46DE8}") = "uScoober.TestFramework", "uScoober.TestFramework", "{F6E84214-4068-4FF3-ACC3-18A0BFACDF8C}"
EndProject
Project("{2150E333-8FDC-42A3-9474-1A3956D46DE8}") = "Core.Validation", "Core.Validation", "{57E8426E-9C10-4BEE-A19F-71FC097B74E9}"
EndProject
Project("{2150E333-8FDC-42A3-9474-1A3956D46DE8}") = "uScoober", "uScoober", "{B8765C38-208B-4D8A-89BD-490A6AB93009}"
EndProject
Project("{2150E333-8FDC-42A3-9474-1A3956D46DE8}") = "uScoober.TestFramework", "uScoober.TestFramework", "{3A102B28-235F-4D88-BAE8-018511C0FD4B}"
EndProject
Project("{D954291E-2A0B-460D-934E-DC6B0785DB48}") = "TestFramework (Shared)", "Core\uScoober.TestFramework\Shared\TestFramework (Shared).shproj", "{CFA58043-CAB1-4B6F-8504-35E397B8BBE0}"
EndProject
Project("{FAE04EC0-301F-11D3-BF4B-00C04F79EFBC}") = "TestFramework (Micro-4.2)", "Core\uScoober.TestFramework\Micro-4.2\TestFramework (Micro-4.2).csproj", "{FE696CD6-E0FD-4D4B-9BB2-6A20DFE0E11F}"
EndProject
Project("{FAE04EC0-301F-11D3-BF4B-00C04F79EFBC}") = "TestFramework (Micro-4.3)", "Core\uScoober.TestFramework\Micro-4.3\TestFramework (Micro-4.3).csproj", "{1B2715B7-6174-4CBD-B5A4-A871074D4AF2}"
EndProject
Project("{D954291E-2A0B-460D-934E-DC6B0785DB48}") = "Eeprom.AT24C32", "Hardware\Eeprom.AT24C32\Eeprom.AT24C32.shproj", "{9246901D-BA7B-4CE8-BECD-89389C6956B0}"
EndProject
Project("{D954291E-2A0B-460D-934E-DC6B0785DB48}") = "Time.DS1307", "Hardware\Time.DS1307\Time.DS1307.shproj", "{EC07E887-91D9-44E7-84D7-8BDF627A3E60}"
EndProject
Project("{D954291E-2A0B-460D-934E-DC6B0785DB48}") = "Time.TinyRtc", "Hardware\Time.TinyRtc\Time.TinyRtc.shproj", "{35A48594-AA08-4704-AD10-1ED4ADDDED9B}"
EndProject
Project("{2150E333-8FDC-42A3-9474-1A3956D46DE8}") = "_Start Here_", "_Start Here_", "{DFD13F03-3780-445B-8910-EF07555AF09D}"
	ProjectSection(SolutionItems) = preProject
		LICENSE.txt = LICENSE.txt
		ReadMe.md = ReadMe.md
		Core\uScoober.TestFramework\Shared\Testing How To.md = Core\uScoober.TestFramework\Shared\Testing How To.md
	EndProjectSection
EndProject
Project("{2150E333-8FDC-42A3-9474-1A3956D46DE8}") = "uScoober.Threading", "uScoober.Threading", "{7DCA6E58-5EEA-4C87-BB1B-224C3423A93C}"
EndProject
Project("{D954291E-2A0B-460D-934E-DC6B0785DB48}") = "Threading (Shared)", "Core\uScoober.Threading\Shared\Threading (Shared).shproj", "{1A9BA106-9116-4145-A959-F3A815D8DD9B}"
EndProject
Project("{FAE04EC0-301F-11D3-BF4B-00C04F79EFBC}") = "Threading (Micro-4.2)", "Core\uScoober.Threading\Micro-4.2\Threading (Micro-4.2).csproj", "{AC5B0A92-E4D4-419C-AD50-3FAF20947299}"
EndProject
Project("{FAE04EC0-301F-11D3-BF4B-00C04F79EFBC}") = "Threading (Micro-4.3)", "Core\uScoober.Threading\Micro-4.3\Threading (Micro-4.3).csproj", "{E797CC15-691D-4284-BC3F-B9E866E00AAF}"
EndProject
Project("{D954291E-2A0B-460D-934E-DC6B0785DB48}") = "Threading.Presentation (Shared)", "Core\uScoober.Threading.Presentation\Shared\Threading.Presentation (Shared).shproj", "{A5E36E63-2CC8-4BAC-80C6-49C95AAF534C}"
EndProject
Project("{FAE04EC0-301F-11D3-BF4B-00C04F79EFBC}") = "Threading.Presentation (Micro-4.2)", "Core\uScoober.Threading.Presentation\Micro-4.2\Threading.Presentation (Micro-4.2).csproj", "{5E3A3770-169D-484E-8F97-E98642F91A58}"
EndProject
Project("{FAE04EC0-301F-11D3-BF4B-00C04F79EFBC}") = "Threading.Presentation (Micro-4.3)", "Core\uScoober.Threading.Presentation\Micro-4.3\Threading.Presentation (Micro-4.3).csproj", "{60CFEEA1-03D9-4A81-BD9F-161A78A5D005}"
EndProject
Project("{2150E333-8FDC-42A3-9474-1A3956D46DE8}") = "uScoober.Threading", "uScoober.Threading", "{0CFD5651-923C-4D4C-9D3A-67A58ECD7CB4}"
EndProject
Project("{D954291E-2A0B-460D-934E-DC6B0785DB48}") = "uScoober.Tests (Shared)", "Core.Validation\uScoober.Tests\Shared\uScoober.Tests (Shared).shproj", "{57E03E08-13B1-415D-81D6-786B9AE7D9D5}"
EndProject
Project("{D954291E-2A0B-460D-934E-DC6B0785DB48}") = "uScoober.Threading.Tests (Shared)", "Core.Validation\uScoober.Threading.Tests\Shared\uScoober.Threading.Tests (Shared).shproj", "{3AC05DEA-EABF-482C-AAC7-D52CB76BD240}"
EndProject
Project("{FAE04EC0-301F-11D3-BF4B-00C04F79EFBC}") = "uScoober.Tests (Micro-4.3)", "Core.Validation\uScoober.Tests\Micro-4.3\uScoober.Tests (Micro-4.3).csproj", "{BD08DF60-216F-4CC7-BBA5-532AC929DACE}"
EndProject
Project("{FAE04EC0-301F-11D3-BF4B-00C04F79EFBC}") = "uScoober.Tests (Micro-4.2)", "Core.Validation\uScoober.Tests\Micro-4.2\uScoober.Tests (Micro-4.2).csproj", "{29F3A56F-B6D3-4176-A784-2F347CCA3B0C}"
EndProject
Project("{FAE04EC0-301F-11D3-BF4B-00C04F79EFBC}") = "uScoober.Threading.Tests (Micro-4.2)", "Core.Validation\uScoober.Threading.Tests\Micro-4.2\uScoober.Threading.Tests (Micro-4.2).csproj", "{04DBE653-E77B-4434-A604-04DE48647CD0}"
EndProject
Project("{FAE04EC0-301F-11D3-BF4B-00C04F79EFBC}") = "uScoober.Threading.Tests (Micro-4.3)", "Core.Validation\uScoober.Threading.Tests\Micro-4.3\uScoober.Threading.Tests (Micro-4.3).csproj", "{CF1EFFE6-39D7-4014-A3D5-76A64B1CE448}"
EndProject
Project("{2150E333-8FDC-42A3-9474-1A3956D46DE8}") = "Features.Preview", "Features.Preview", "{C1506BA1-46B3-4FE0-9F59-D854BC64E49B}"
EndProject
Project("{2150E333-8FDC-42A3-9474-1A3956D46DE8}") = "Build Tools", "Build Tools", "{38B397B3-A7ED-479B-A151-E6200A2057F1}"
	ProjectSection(SolutionItems) = preProject
		Build\Psake\build_script.ps1 = Build\Psake\build_script.ps1
		Build\TestRunner\BuildTestRunner.ps1 = Build\TestRunner\BuildTestRunner.ps1
	EndProjectSection
EndProject
Project("{FAE04EC0-301F-11D3-BF4B-00C04F79EFBC}") = "PoshTypeDefinitions", "Build\PoshTypeDefinitions\PoshTypeDefinitions.csproj", "{C2E5AC5F-4D0F-4878-A456-CE78D16FC6C0}"
EndProject
Project("{2150E333-8FDC-42A3-9474-1A3956D46DE8}") = "Hardware.Preview", "Hardware.Preview", "{1543F3EA-5B76-471B-A810-B4C19107565C}"
EndProject
Project("{D954291E-2A0B-460D-934E-DC6B0785DB48}") = "Motors.BrushlessSpeedController", "Hardware\Motors.BrushlessSpeedController\Motors.BrushlessSpeedController.shproj", "{C8473A2B-E27D-4CB1-8E68-A315A6796513}"
EndProject
Project("{2150E333-8FDC-42A3-9474-1A3956D46DE8}") = "Binary", "Binary", "{6CF7DB6F-B33C-4167-BA8A-BAC35075CD55}"
EndProject
Project("{2150E333-8FDC-42A3-9474-1A3956D46DE8}") = "DataStructures", "DataStructures", "{C3DB2CB6-D935-4CB1-80AF-9ED1D9BE3AC1}"
EndProject
Project("{FAE04EC0-301F-11D3-BF4B-00C04F79EFBC}") = "Binary.Tests (Micro-4.3)", "Features.Validation\Binary.Tests\Binary.Tests (Micro-4.3).csproj", "{87712199-3F2A-4FD4-A08F-80A444F8AA93}"
EndProject
Project("{D954291E-2A0B-460D-934E-DC6B0785DB48}") = "Binary.BinaryCodedDecimal", "Features\Binary.BinaryCodedDecimal\Binary.BinaryCodedDecimal.shproj", "{88AB822B-B7D3-4877-A9A7-003A7170E979}"
EndProject
Project("{D954291E-2A0B-460D-934E-DC6B0785DB48}") = "Binary.BitCounter", "Features\Binary.BitCounter\Binary.BitCounter.shproj", "{2C447B01-952C-4A50-AA90-2F0000E6F07F}"
EndProject
Project("{D954291E-2A0B-460D-934E-DC6B0785DB48}") = "Binary.BitMask", "Features\Binary.BitMask\Binary.BitMask.shproj", "{EBD8CA8D-0C20-49F1-9FBF-725F869DC94C}"
EndProject
Project("{D954291E-2A0B-460D-934E-DC6B0785DB48}") = "Binary.Endian", "Features\Binary.Endian\Binary.Endian.shproj", "{C9503BA6-76F8-4BA8-99A1-6515DD7EACB3}"
EndProject
Project("{FAE04EC0-301F-11D3-BF4B-00C04F79EFBC}") = "DataStructures.Tests (Micro-4.3)", "Features.Validation\DataStructures.Tests\DataStructures.Tests (Micro-4.3).csproj", "{CE076AE6-7711-4359-B98B-55EF72B18113}"
EndProject
Project("{D954291E-2A0B-460D-934E-DC6B0785DB48}") = "DataStructures.NotifyCollection", "Features\DataStructures.NotifyCollection\DataStructures.NotifyCollection.shproj", "{DCE2D428-47C5-4577-9BDB-F19A10D01807}"
EndProject
Project("{D954291E-2A0B-460D-934E-DC6B0785DB48}") = "Boot", "Features\Boot\Boot.shproj", "{4F6A4D22-EE38-4493-982F-01FA3175DA69}"
EndProject
Project("{D954291E-2A0B-460D-934E-DC6B0785DB48}") = "Storage", "Features\Storage\Storage.shproj", "{BC5F5562-784A-4140-9B70-3A7ACDF2987A}"
EndProject
Project("{D954291E-2A0B-460D-934E-DC6B0785DB48}") = "UnitsOfMeasure", "Features\UnitsOfMeasure\UnitsOfMeasure.shproj", "{16C85494-AAA2-4538-92D2-04ECAF14E88E}"
EndProject
Project("{FAE04EC0-301F-11D3-BF4B-00C04F79EFBC}") = "UnitsOfMeasure.Tests (Micro-4.3)", "Features.Validation\UnitsOfMeasure.Tests\UnitsOfMeasure.Tests (Micro-4.3).csproj", "{04B9AE65-4CC4-4DA1-B3F7-50D1740F14AE}"
EndProject
Project("{FAE04EC0-301F-11D3-BF4B-00C04F79EFBC}") = "Storage.Tests (Micro-4.3)", "Features.Validation\Storage.Tests\Storage.Tests (Micro-4.3).csproj", "{0A481BEF-6D7C-48A3-A332-ED963061158A}"
EndProject
Project("{D954291E-2A0B-460D-934E-DC6B0785DB48}") = "Expander.MCP23008", "Hardware\Expander.MCP23008\Expander.MCP23008.shproj", "{8C1F311B-3731-47D1-8596-5AB5666BD328}"
EndProject
Project("{D954291E-2A0B-460D-934E-DC6B0785DB48}") = "Spot.Pwm", "Hardware\Spot.Pwm\Spot.Pwm.shproj", "{434B0E18-2104-46B1-B33B-E6985490AE98}"
EndProject
Project("{D954291E-2A0B-460D-934E-DC6B0785DB48}") = "Spot.Digital", "Hardware\Spot.Digital\Spot.Digital.shproj", "{47BE963B-B8EF-4961-831D-8C907D349CF5}"
EndProject
Project("{D954291E-2A0B-460D-934E-DC6B0785DB48}") = "Spot.Analog", "Hardware\Spot.Analog\Spot.Analog.shproj", "{4C313A4A-1A46-4BE6-A895-476EB62AD196}"
EndProject
Project("{D954291E-2A0B-460D-934E-DC6B0785DB48}") = "Spot.Spi", "Hardware\Spot.Spi\Spot.Spi.shproj", "{EFA58381-E07B-4446-8D35-666C2DF1E0E6}"
EndProject
Project("{D954291E-2A0B-460D-934E-DC6B0785DB48}") = "Spot.I2C", "Hardware\Spot.I2C\Spot.I2C.shproj", "{CFE23C08-997B-4FC9-AAA1-52DC3AC9DC62}"
EndProject
Project("{D954291E-2A0B-460D-934E-DC6B0785DB48}") = "I2C.Scanner", "Hardware\I2C.Scanner\I2C.Scanner.shproj", "{06CADCFF-2E78-4918-846F-3F9AC53A7E71}"
EndProject
Project("{2150E333-8FDC-42A3-9474-1A3956D46DE8}") = "Spot", "Spot", "{6BB2C4A8-D59C-42F0-965D-08BC783C7908}"
EndProject
Project("{2150E333-8FDC-42A3-9474-1A3956D46DE8}") = "Bitbang", "Bitbang", "{88206F7A-8F71-4F59-AA33-517C9DC10AF1}"
EndProject
Project("{D954291E-2A0B-460D-934E-DC6B0785DB48}") = "BitBang.Spi", "Hardware\BitBang.Spi\BitBang.Spi.shproj", "{303732D6-7700-446E-B1C4-B8A307186284}"
EndProject
Project("{D954291E-2A0B-460D-934E-DC6B0785DB48}") = "BitBang.I2C", "Hardware\BitBang.I2C\BitBang.I2C.shproj", "{CF27F5D3-3052-4879-8E3A-32B8B327D81F}"
EndProject
Project("{2150E333-8FDC-42A3-9474-1A3956D46DE8}") = "Boards", "Boards", "{FDEC3A17-4182-487E-9DEA-6CDD284DE7F5}"
EndProject
Project("{2150E333-8FDC-42A3-9474-1A3956D46DE8}") = "Expander", "Expander", "{D686E0FD-7632-4676-86FE-112AB9C54B58}"
EndProject
Project("{2150E333-8FDC-42A3-9474-1A3956D46DE8}") = "Time", "Time", "{8710003A-D814-46BA-9409-4BC23DA02452}"
EndProject
Project("{2150E333-8FDC-42A3-9474-1A3956D46DE8}") = "Eeprom", "Eeprom", "{4295183B-2F56-41E1-B88F-2CC610613AF3}"
EndProject
Project("{D954291E-2A0B-460D-934E-DC6B0785DB48}") = "BitBang.Pwm", "Hardware\BitBang.Pwm\BitBang.Pwm.shproj", "{46FB3C64-B0B4-47E4-96A2-331050A088A6}"
EndProject
Project("{2150E333-8FDC-42A3-9474-1A3956D46DE8}") = "Storage", "Storage", "{599D2CE8-F836-4C7F-A8A8-B9996AB670FC}"
EndProject
Project("{2150E333-8FDC-42A3-9474-1A3956D46DE8}") = "UoM", "UoM", "{A436BF64-E5CF-42D1-9125-7EC6F0F04B10}"
EndProject
Project("{2150E333-8FDC-42A3-9474-1A3956D46DE8}") = "ImageBoot", "ImageBoot", "{95906289-ED73-4A99-87AD-79D291402033}"
EndProject
Project("{FAE04EC0-301F-11D3-BF4B-00C04F79EFBC}") = "Boards.Cerbuino.Tests (Micro-43)", "Hardware.Validation\Boards.Cerbuino.Tests\Boards.Cerbuino.Tests (Micro-43).csproj", "{D406E386-2498-4BC5-9FA2-1585259A613D}"
EndProject
Project("{D954291E-2A0B-460D-934E-DC6B0785DB48}") = "Boards.Cerbuino", "Hardware\Boards.Cerbuino\Boards.Cerbuino.shproj", "{E1E42132-FE53-4145-8569-58FF8E2A14FD}"
EndProject
Project("{D954291E-2A0B-460D-934E-DC6B0785DB48}") = "Boards.Duino.Pinout", "Hardware\Boards.Duino.Pinout\Boards.Duino.Pinout.shproj", "{A323F734-469F-40F8-A71C-0897400123A6}"
EndProject
Project("{FAE04EC0-301F-11D3-BF4B-00C04F79EFBC}") = "Boards.Netduino.Tests (Micro-43)", "Hardware.Validation\Boards.Netduino.Tests\Boards.Netduino.Tests (Micro-43).csproj", "{399321E2-8AD6-4732-A75E-E3ECE480226C}"
EndProject
Project("{D954291E-2A0B-460D-934E-DC6B0785DB48}") = "Boards.Netduino", "Hardware\Boards.Netduino\Boards.Netduino.shproj", "{0FE48CB1-B1CD-4FD7-B0F8-79C9F835E1FE}"
EndProject
Project("{FAE04EC0-301F-11D3-BF4B-00C04F79EFBC}") = "TestFramework.GuiValidator (Micro-4.3)", "Core.Validation\TestFramework.GuiValidator\TestFramework.GuiValidator (Micro-4.3).csproj", "{9A99913D-4646-4AF4-B240-9108227A1530}"
EndProject
Project("{FAE04EC0-301F-11D3-BF4B-00C04F79EFBC}") = "TestFramework.TextValidator (Micro-4.3)", "Core.Validation\TestFramework.TextValidator\TestFramework.TextValidator (Micro-4.3).csproj", "{58BDEB68-2FC1-4D44-AD19-A48866610DAF}"
EndProject
Project("{D954291E-2A0B-460D-934E-DC6B0785DB48}") = "TestFramework.Tests", "Core.Validation\TestFramework.Tests\TestFramework.Tests.shproj", "{1A3AB225-F09A-4F72-A5C8-C03C78179F8C}"
EndProject
Project("{FAE04EC0-301F-11D3-BF4B-00C04F79EFBC}") = "TestFramework.LedValidator (Micro-4.3)", "Core.Validation\TestFramework.LedValidator\TestFramework.LedValidator (Micro-4.3).csproj", "{D113B227-226B-4685-B85C-FFFAED3FC847}"
EndProject
Project("{2150E333-8FDC-42A3-9474-1A3956D46DE8}") = "Fonts", "Fonts", "{E3FB2FFA-9735-4B72-B27F-C2D62A9EDC03}"
	ProjectSection(SolutionItems) = preProject
		Fonts\Fonts.md = Fonts\Fonts.md
	EndProjectSection
EndProject
Project("{FAE04EC0-301F-11D3-BF4B-00C04F79EFBC}") = "Font.Nina14 (Micro-42)", "Fonts\Nina14\Micro-42\Font.Nina14 (Micro-42).csproj", "{4F2FF53B-BD11-4F84-9A6A-424B3DFDA8BF}"
EndProject
Project("{FAE04EC0-301F-11D3-BF4B-00C04F79EFBC}") = "Font.Nina14 (Micro-43)", "Fonts\Nina14\Micro-43\Font.Nina14 (Micro-43).csproj", "{89DBB2FF-71C5-49BA-950B-E1D5FE7DB70D}"
EndProject
Project("{FAE04EC0-301F-11D3-BF4B-00C04F79EFBC}") = "Font.Small (Micro-42)", "Fonts\Small\Micro-42\Font.Small (Micro-42).csproj", "{809983D1-54A0-4C40-8D0B-101FA101FDF1}"
EndProject
Project("{FAE04EC0-301F-11D3-BF4B-00C04F79EFBC}") = "Font.Small (Micro-43)", "Fonts\Small\Micro-43\Font.Small (Micro-43).csproj", "{7690ABF7-7927-452E-82B6-02AC6B209BA1}"
EndProject
Project("{FAE04EC0-301F-11D3-BF4B-00C04F79EFBC}") = "TestFramework.GraphicUI (Micro-42)", "Core\uScoober.TestFramework.GraphicUI\Micro-42\TestFramework.GraphicUI (Micro-42).csproj", "{5825C7B2-EE1D-438D-B7D1-4B4506559436}"
EndProject
Project("{FAE04EC0-301F-11D3-BF4B-00C04F79EFBC}") = "TestFramework.GraphicUI (Micro-43)", "Core\uScoober.TestFramework.GraphicUI\Micro-43\TestFramework.GraphicUI (Micro-43).csproj", "{D3064C87-D967-49FC-A42E-FE695CB0273E}"
EndProject
Project("{D954291E-2A0B-460D-934E-DC6B0785DB48}") = "TestFramework.GraphicUI (Shared)", "Core\uScoober.TestFramework.GraphicUI\Shared\TestFramework.GraphicUI (Shared).shproj", "{B1A5F91A-96D2-4CA5-A20A-BFD9008FAAC4}"
EndProject
Project("{FAE04EC0-301F-11D3-BF4B-00C04F79EFBC}") = "TestFramework.LedUI (Micro-42)", "Core\uScoober.TestFramework.LedUI\Micro-42\TestFramework.LedUI (Micro-42).csproj", "{8F04DF76-8C10-436C-96F8-E14DC08D909C}"
EndProject
Project("{FAE04EC0-301F-11D3-BF4B-00C04F79EFBC}") = "TestFramework.LedUI (Micro-43)", "Core\uScoober.TestFramework.LedUI\Micro-43\TestFramework.LedUI (Micro-43).csproj", "{6DB37F89-0EAB-49F1-990E-84152A0000B5}"
EndProject
Project("{D954291E-2A0B-460D-934E-DC6B0785DB48}") = "TestFramework.LedUI (Shared)", "Core\uScoober.TestFramework.LedUI\Shared\TestFramework.LedUI (Shared).shproj", "{90BFEC71-3604-4E51-80D0-22ED2ED51CDB}"
EndProject
Project("{D954291E-2A0B-460D-934E-DC6B0785DB48}") = "TestFramework.TextUI (Shared)", "Core\uScoober.TestFramework.TextUI\Shared\TestFramework.TextUI (Shared).shproj", "{7E4927E4-F57A-407F-8240-3B36871238A4}"
EndProject
Project("{FAE04EC0-301F-11D3-BF4B-00C04F79EFBC}") = "TestFramework.TextUI (Micro-42)", "Core\uScoober.TestFramework.TextUI\Micro-42\TestFramework.TextUI (Micro-42).csproj", "{4A429D3C-48B3-42E5-9261-C7ED5184E1B9}"
EndProject
Project("{FAE04EC0-301F-11D3-BF4B-00C04F79EFBC}") = "TestFramework.TextUI (Micro-43)", "Core\uScoober.TestFramework.TextUI\Micro-43\TestFramework.TextUI (Micro-43).csproj", "{1DD5C443-9808-4A7B-A520-44696894B909}"
EndProject
Project("{2150E333-8FDC-42A3-9474-1A3956D46DE8}") = "Expander", "Expander", "{66C41BAF-F84C-42A9-BA39-50DE871495EC}"
EndProject
Project("{D954291E-2A0B-460D-934E-DC6B0785DB48}") = "Expander.MCP23017", "Hardware\Expander.MCP23017\Expander.MCP23017.shproj", "{75B318FD-4673-493B-8EE5-319771DB396F}"
EndProject
Project("{FAE04EC0-301F-11D3-BF4B-00C04F79EFBC}") = "Expander.MCP23017.Tests", "Hardware.Validation\Expander.MCP23017.Tests\Expander.MCP23017.Tests.csproj", "{DB71D3F5-05C5-4FA3-8DC7-30A1EA426CE1}"
EndProject
Project("{2150E333-8FDC-42A3-9474-1A3956D46DE8}") = "Display", "Display", "{8EFE6442-7FD6-49F5-B764-1A16718F5D55}"
EndProject
Project("{D954291E-2A0B-460D-934E-DC6B0785DB48}") = "Display.HD44780", "Hardware\Display.HD44780\Display.HD44780.shproj", "{868F2D79-9BD2-4994-84F5-2BCEBA03A4C9}"
EndProject
Project("{D954291E-2A0B-460D-934E-DC6B0785DB48}") = "Display.HD44780Driver.MCP23017", "Hardware\Display.HD44780Driver.MCP23017\Display.HD44780Driver.MCP23017.shproj", "{65EA97F1-4309-4BE4-BA80-BDFB75A795B5}"
EndProject
Project("{D954291E-2A0B-460D-934E-DC6B0785DB48}") = "Display.HD44780Driver.Gpio", "Hardware\Display.HD44780Driver.Gpio\Display.HD44780Driver.Gpio.shproj", "{EC057C3B-C05C-4021-B0C8-73063508F054}"
EndProject
Project("{D954291E-2A0B-460D-934E-DC6B0785DB48}") = "Display.HD44780Driver.MCP23008", "Hardware\Display.HD44780Driver.MCP23008\Display.HD44780Driver.MCP23008.shproj", "{5AEE6BA3-F262-4306-9DC6-53FFB74CD5FE}"
EndProject
Project("{D954291E-2A0B-460D-934E-DC6B0785DB48}") = "Display.HD44780Driver.Shift74HC595", "Hardware\Display.HD44780Driver.Shift74HC595\Display.HD44780Driver.Shift74HC595.shproj", "{CB978C8C-BA99-4ABB-92B8-41FE6133E0FA}"
EndProject
Project("{D954291E-2A0B-460D-934E-DC6B0785DB48}") = "Expander.Shift74HC595", "Hardware\Expander.Shift74HC595\Expander.Shift74HC595.shproj", "{75591536-792C-47F7-9D43-ACEA7931DA65}"
EndProject
Project("{2150E333-8FDC-42A3-9474-1A3956D46DE8}") = "Display", "Display", "{5BB186AA-E52D-4E40-8286-D8711B5C83D6}"
EndProject
Global
	GlobalSection(SharedMSBuildProjectFiles) = preSolution
		Core.Validation\uScoober.Threading.Tests\Shared\Shared.projitems*{cf1effe6-39d7-4014-a3d5-76a64b1ce448}*SharedItemsImports = 4
		Hardware\Time.TinyRtc\Shared.projitems*{35a48594-aa08-4704-ad10-1ed4addded9b}*SharedItemsImports = 13
		Hardware\Spot.Pwm\Spot.Pwm.projitems*{434b0e18-2104-46b1-b33b-e6985490ae98}*SharedItemsImports = 13
		Core\uScoober.TestFramework.LedUI\Shared\Shared.projitems*{90bfec71-3604-4e51-80d0-22ed2ed51cdb}*SharedItemsImports = 13
		Core\uScoober\Shared\Shared.projitems*{76a70af9-35ec-4a0d-92c0-c48752c53df0}*SharedItemsImports = 13
		Hardware\Motors.BrushlessSpeedController\Shared.projitems*{c8473a2b-e27d-4cb1-8e68-a315a6796513}*SharedItemsImports = 13
		Features\Storage\uScoober.Storage.projitems*{0a481bef-6d7c-48a3-a332-ed963061158a}*SharedItemsImports = 4
		Features\Binary.BitMask\uScoober.Binary.BitMask.projitems*{ebd8ca8d-0c20-49f1-9fbf-725f869dc94c}*SharedItemsImports = 13
		Features\Binary.BitCounter\uScoober.Binary.BitCounter.projitems*{2c447b01-952c-4a50-aa90-2f0000e6f07f}*SharedItemsImports = 13
		Core\uScoober.TestFramework.GraphicUI\Shared\Shared.projitems*{b1a5f91a-96d2-4ca5-a20a-bfd9008faac4}*SharedItemsImports = 13
		Hardware\Display.HD44780Driver.MCP23017\Display.HD44780Driver.MCP23017.projitems*{65ea97f1-4309-4be4-ba80-bdfb75a795b5}*SharedItemsImports = 13
		Features\Boot\uScoober.Boot.projitems*{4f6a4d22-ee38-4493-982f-01fa3175da69}*SharedItemsImports = 13
		Hardware\Expander.Shift74HC595\Expander.Shift74HC595.projitems*{75591536-792c-47f7-9d43-acea7931da65}*SharedItemsImports = 13
		Hardware\Eeprom.AT24C32\Shared.projitems*{9246901d-ba7b-4ce8-becd-89389c6956b0}*SharedItemsImports = 13
		Core\uScoober.Threading.Presentation\Shared\Shared.projitems*{5e3a3770-169d-484e-8f97-e98642f91a58}*SharedItemsImports = 4
		Core.Validation\uScoober.Tests\Shared\Shared.projitems*{29f3a56f-b6d3-4176-a784-2f347cca3b0c}*SharedItemsImports = 4
		Core\uScoober.TestFramework.TextUI\Shared\Shared.projitems*{7e4927e4-f57a-407f-8240-3b36871238a4}*SharedItemsImports = 13
		Features\UnitsOfMeasure\uScoober.UnitsOfMeasure.projitems*{16c85494-aaa2-4538-92d2-04ecaf14e88e}*SharedItemsImports = 13
		Core\uScoober\Shared\Shared.projitems*{c8a0566e-daa6-4fbd-b407-a9b806495f88}*SharedItemsImports = 4
		Core\uScoober.Threading.Presentation\Shared\Shared.projitems*{a5e36e63-2cc8-4bac-80c6-49c95aaf534c}*SharedItemsImports = 13
		Core\uScoober.TestFramework.TextUI\Shared\Shared.projitems*{1dd5c443-9808-4a7b-a520-44696894b909}*SharedItemsImports = 4
		Hardware\BitBang.Pwm\BitBang.Pwm.projitems*{46fb3c64-b0b4-47e4-96a2-331050a088a6}*SharedItemsImports = 13
		Core\uScoober.TestFramework.TextUI\Shared\Shared.projitems*{4a429d3c-48b3-42e5-9261-c7ed5184e1b9}*SharedItemsImports = 4
		Hardware\Boards.Netduino\Boards.Netduino.projitems*{0fe48cb1-b1cd-4fd7-b0f8-79c9f835e1fe}*SharedItemsImports = 13
		Hardware\BitBang.I2C\BitBang.I2C.projitems*{cf27f5d3-3052-4879-8e3a-32b8b327d81f}*SharedItemsImports = 13
		Core.Validation\uScoober.Tests\Shared\Shared.projitems*{bd08df60-216f-4cc7-bba5-532ac929dace}*SharedItemsImports = 4
		Core\uScoober.TestFramework\Shared\Shared.projitems*{1b2715b7-6174-4cbd-b5a4-a871074d4af2}*SharedItemsImports = 4
		Hardware\Display.HD44780\Display.HD44780.projitems*{58bdeb68-2fc1-4d44-ad19-a48866610daf}*SharedItemsImports = 4
		Hardware\Spot.I2C\Spot.I2C.projitems*{58bdeb68-2fc1-4d44-ad19-a48866610daf}*SharedItemsImports = 4
		Hardware\Display.HD44780Driver.MCP23017\Display.HD44780Driver.MCP23017.projitems*{58bdeb68-2fc1-4d44-ad19-a48866610daf}*SharedItemsImports = 4
		Core.Validation\uScoober.Tests\Shared\Shared.projitems*{58bdeb68-2fc1-4d44-ad19-a48866610daf}*SharedItemsImports = 4
		Hardware\Expander.MCP23017\Expander.MCP23017.projitems*{58bdeb68-2fc1-4d44-ad19-a48866610daf}*SharedItemsImports = 4
		Hardware\Spot.Digital\Spot.Digital.projitems*{58bdeb68-2fc1-4d44-ad19-a48866610daf}*SharedItemsImports = 4
		Core.Validation\uScoober.Threading.Tests\Shared\Shared.projitems*{58bdeb68-2fc1-4d44-ad19-a48866610daf}*SharedItemsImports = 4
		Core.Validation\TestFramework.Tests\TestFramework.Tests.projitems*{58bdeb68-2fc1-4d44-ad19-a48866610daf}*SharedItemsImports = 4
		Hardware\Display.HD44780Driver.Gpio\Display.HD44780Driver.Gpio.projitems*{58bdeb68-2fc1-4d44-ad19-a48866610daf}*SharedItemsImports = 4
		Features\Binary.Endian\uScoober.Binary.Endian.projitems*{c9503ba6-76f8-4ba8-99a1-6515dd7eacb3}*SharedItemsImports = 13
		Hardware\Expander.MCP23008\Expander.MCP23008.projitems*{8c1f311b-3731-47d1-8596-5ab5666bd328}*SharedItemsImports = 13
		Core\uScoober.TestFramework.LedUI\Shared\Shared.projitems*{8f04df76-8c10-436c-96f8-e14dc08d909c}*SharedItemsImports = 4
		Hardware\Boards.Duino.Pinout\Boards.Duino.Pinout.projitems*{d406e386-2498-4bc5-9fa2-1585259a613d}*SharedItemsImports = 4
		Hardware\Spot.Pwm\Spot.Pwm.projitems*{d406e386-2498-4bc5-9fa2-1585259a613d}*SharedItemsImports = 4
		Hardware\Spot.I2C\Spot.I2C.projitems*{d406e386-2498-4bc5-9fa2-1585259a613d}*SharedItemsImports = 4
		Hardware\Boards.Cerbuino\Boards.Cerbuino.projitems*{d406e386-2498-4bc5-9fa2-1585259a613d}*SharedItemsImports = 4
		Hardware\Spot.Spi\Spot.Spi.projitems*{d406e386-2498-4bc5-9fa2-1585259a613d}*SharedItemsImports = 4
		Hardware\Spot.Analog\Spot.Analog.projitems*{d406e386-2498-4bc5-9fa2-1585259a613d}*SharedItemsImports = 4
		Core.Validation\uScoober.Tests\Shared\Shared.projitems*{d406e386-2498-4bc5-9fa2-1585259a613d}*SharedItemsImports = 4
		Hardware\Spot.Digital\Spot.Digital.projitems*{d406e386-2498-4bc5-9fa2-1585259a613d}*SharedItemsImports = 4
		Core\uScoober.TestFramework.LedUI\Shared\Shared.projitems*{6db37f89-0eab-49f1-990e-84152a0000b5}*SharedItemsImports = 4
		Core.Validation\uScoober.Threading.Tests\Shared\Shared.projitems*{04dbe653-e77b-4434-a604-04de48647cd0}*SharedItemsImports = 4
		Features\DataStructures.NotifyCollection\uScoober.DataStructures.NotifyCollection.projitems*{ce076ae6-7711-4359-b98b-55ef72b18113}*SharedItemsImports = 4
		Hardware\Boards.Duino.Pinout\Boards.Duino.Pinout.projitems*{a323f734-469f-40f8-a71c-0897400123a6}*SharedItemsImports = 13
		Hardware\Expander.MCP23017\Expander.MCP23017.projitems*{db71d3f5-05c5-4fa3-8dc7-30a1ea426ce1}*SharedItemsImports = 4
		Core\uScoober.TestFramework.GraphicUI\Shared\Shared.projitems*{d3064c87-d967-49fc-a42e-fe695cb0273e}*SharedItemsImports = 4
		Hardware\Spot.Digital\Spot.Digital.projitems*{d3064c87-d967-49fc-a42e-fe695cb0273e}*SharedItemsImports = 4
		Hardware\Time.DS1307\Shared.projitems*{ec07e887-91d9-44e7-84d7-8bdf627a3e60}*SharedItemsImports = 13
		Hardware\Display.HD44780Driver.MCP23008\Display.HD44780Driver.MCP23008.projitems*{5aee6ba3-f262-4306-9dc6-53ffb74cd5fe}*SharedItemsImports = 13
		Core\uScoober.TestFramework.GraphicUI\Shared\Shared.projitems*{5825c7b2-ee1d-438d-b7d1-4b4506559436}*SharedItemsImports = 4
		Hardware\Spot.Digital\Spot.Digital.projitems*{5825c7b2-ee1d-438d-b7d1-4b4506559436}*SharedItemsImports = 4
		Features\Storage\uScoober.Storage.projitems*{bc5f5562-784a-4140-9b70-3a7acdf2987a}*SharedItemsImports = 13
		Hardware\BitBang.Spi\BitBang.Spi.projitems*{303732d6-7700-446e-b1c4-b8a307186284}*SharedItemsImports = 13
		Hardware\Expander.MCP23017\Expander.MCP23017.projitems*{75b318fd-4673-493b-8ee5-319771db396f}*SharedItemsImports = 13
		Hardware\Spot.I2C\Spot.I2C.projitems*{cfe23c08-997b-4fc9-aaa1-52dc3ac9dc62}*SharedItemsImports = 13
		Core.Validation\uScoober.Threading.Tests\Shared\Shared.projitems*{3ac05dea-eabf-482c-aac7-d52cb76bd240}*SharedItemsImports = 13
		Core.Validation\uScoober.Tests\Shared\Shared.projitems*{d113b227-226b-4685-b85c-fffaed3fc847}*SharedItemsImports = 4
		Hardware\Spot.Digital\Spot.Digital.projitems*{d113b227-226b-4685-b85c-fffaed3fc847}*SharedItemsImports = 4
		Core.Validation\uScoober.Threading.Tests\Shared\Shared.projitems*{d113b227-226b-4685-b85c-fffaed3fc847}*SharedItemsImports = 4
		Core.Validation\TestFramework.Tests\TestFramework.Tests.projitems*{d113b227-226b-4685-b85c-fffaed3fc847}*SharedItemsImports = 4
		Hardware\Spot.Analog\Spot.Analog.projitems*{4c313a4a-1a46-4be6-a895-476eb62ad196}*SharedItemsImports = 13
		Hardware\I2C.Scanner\I2C.Scanner.projitems*{06cadcff-2e78-4918-846f-3f9ac53a7e71}*SharedItemsImports = 13
		Features\UnitsOfMeasure\uScoober.UnitsOfMeasure.projitems*{04b9ae65-4cc4-4da1-b3f7-50d1740f14ae}*SharedItemsImports = 4
		Core.Validation\TestFramework.Tests\TestFramework.Tests.projitems*{1a3ab225-f09a-4f72-a5c8-c03c78179f8c}*SharedItemsImports = 13
		Hardware\Display.HD44780Driver.Shift74HC595\Display.HD44780Driver.Shift74HC595.projitems*{cb978c8c-ba99-4abb-92b8-41fe6133e0fa}*SharedItemsImports = 13
		Core\uScoober.TestFramework\Shared\Shared.projitems*{cfa58043-cab1-4b6f-8504-35e397b8bbe0}*SharedItemsImports = 13
		Hardware\Display.HD44780\Display.HD44780.projitems*{868f2d79-9bd2-4994-84f5-2bceba03a4c9}*SharedItemsImports = 13
		Core\uScoober.Threading\Shared\Shared.projitems*{e797cc15-691d-4284-bc3f-b9e866e00aaf}*SharedItemsImports = 4
		Features\Binary.BitCounter\uScoober.Binary.BitCounter.projitems*{87712199-3f2a-4fd4-a08f-80a444f8aa93}*SharedItemsImports = 4
		Features\Binary.BinaryCodedDecimal\uScoober.Binary.BinaryCodedDecimal.projitems*{87712199-3f2a-4fd4-a08f-80a444f8aa93}*SharedItemsImports = 4
		Features\Binary.Endian\uScoober.Binary.Endian.projitems*{87712199-3f2a-4fd4-a08f-80a444f8aa93}*SharedItemsImports = 4
		Features\Binary.BitMask\uScoober.Binary.BitMask.projitems*{87712199-3f2a-4fd4-a08f-80a444f8aa93}*SharedItemsImports = 4
		Core.Validation\uScoober.Tests\Shared\Shared.projitems*{57e03e08-13b1-415d-81d6-786b9ae7d9d5}*SharedItemsImports = 13
		Features\Binary.BinaryCodedDecimal\uScoober.Binary.BinaryCodedDecimal.projitems*{88ab822b-b7d3-4877-a9a7-003a7170e979}*SharedItemsImports = 13
		Hardware\Boards.Cerbuino\Boards.Cerbuino.projitems*{e1e42132-fe53-4145-8569-58ff8e2a14fd}*SharedItemsImports = 13
		Core.Validation\uScoober.Tests\Shared\Shared.projitems*{9a99913d-4646-4af4-b240-9108227a1530}*SharedItemsImports = 4
		Core.Validation\uScoober.Threading.Tests\Shared\Shared.projitems*{9a99913d-4646-4af4-b240-9108227a1530}*SharedItemsImports = 4
		Core.Validation\TestFramework.Tests\TestFramework.Tests.projitems*{9a99913d-4646-4af4-b240-9108227a1530}*SharedItemsImports = 4
		Hardware\Boards.Netduino\Boards.Netduino.projitems*{399321e2-8ad6-4732-a75e-e3ece480226c}*SharedItemsImports = 4
		Hardware\Boards.Duino.Pinout\Boards.Duino.Pinout.projitems*{399321e2-8ad6-4732-a75e-e3ece480226c}*SharedItemsImports = 4
		Hardware\Spot.Pwm\Spot.Pwm.projitems*{399321e2-8ad6-4732-a75e-e3ece480226c}*SharedItemsImports = 4
		Hardware\Spot.I2C\Spot.I2C.projitems*{399321e2-8ad6-4732-a75e-e3ece480226c}*SharedItemsImports = 4
		Hardware\Spot.Spi\Spot.Spi.projitems*{399321e2-8ad6-4732-a75e-e3ece480226c}*SharedItemsImports = 4
		Hardware\Spot.Analog\Spot.Analog.projitems*{399321e2-8ad6-4732-a75e-e3ece480226c}*SharedItemsImports = 4
		Core.Validation\uScoober.Tests\Shared\Shared.projitems*{399321e2-8ad6-4732-a75e-e3ece480226c}*SharedItemsImports = 4
		Hardware\Spot.Digital\Spot.Digital.projitems*{399321e2-8ad6-4732-a75e-e3ece480226c}*SharedItemsImports = 4
		Hardware\Display.HD44780Driver.Gpio\Display.HD44780Driver.Gpio.projitems*{ec057c3b-c05c-4021-b0c8-73063508f054}*SharedItemsImports = 13
		Core\uScoober\Shared\Shared.projitems*{cbb895b4-8cc4-46f5-96d2-247d54811c45}*SharedItemsImports = 4
		Hardware\Spot.Spi\Spot.Spi.projitems*{efa58381-e07b-4446-8d35-666c2df1e0e6}*SharedItemsImports = 13
		Features\DataStructures.NotifyCollection\uScoober.DataStructures.NotifyCollection.projitems*{dce2d428-47c5-4577-9bdb-f19a10d01807}*SharedItemsImports = 13
		Hardware\Spot.Digital\Spot.Digital.projitems*{47be963b-b8ef-4961-831d-8c907d349cf5}*SharedItemsImports = 13
		Core\uScoober.TestFramework\Shared\Shared.projitems*{fe696cd6-e0fd-4d4b-9bb2-6a20dfe0e11f}*SharedItemsImports = 4
		Core\uScoober.Threading.Presentation\Shared\Shared.projitems*{60cfeea1-03d9-4a81-bd9f-161a78a5d005}*SharedItemsImports = 4
		Core\uScoober.Threading\Shared\Shared.projitems*{ac5b0a92-e4d4-419c-ad50-3faf20947299}*SharedItemsImports = 4
		Core\uScoober.Threading\Shared\Shared.projitems*{1a9ba106-9116-4145-a959-f3a815d8dd9b}*SharedItemsImports = 13
	EndGlobalSection
	GlobalSection(SolutionConfigurationPlatforms) = preSolution
		Debug|Any CPU = Debug|Any CPU
		Debug|Mixed Platforms = Debug|Mixed Platforms
		Debug|x86 = Debug|x86
		Release|Any CPU = Release|Any CPU
		Release|Mixed Platforms = Release|Mixed Platforms
		Release|x86 = Release|x86
	EndGlobalSection
	GlobalSection(ProjectConfigurationPlatforms) = postSolution
		{CBB895B4-8CC4-46F5-96D2-247D54811C45}.Debug|Any CPU.ActiveCfg = Debug|Any CPU
		{CBB895B4-8CC4-46F5-96D2-247D54811C45}.Debug|Any CPU.Build.0 = Debug|Any CPU
		{CBB895B4-8CC4-46F5-96D2-247D54811C45}.Debug|Mixed Platforms.ActiveCfg = Debug|Any CPU
		{CBB895B4-8CC4-46F5-96D2-247D54811C45}.Debug|Mixed Platforms.Build.0 = Debug|Any CPU
		{CBB895B4-8CC4-46F5-96D2-247D54811C45}.Debug|x86.ActiveCfg = Debug|Any CPU
		{CBB895B4-8CC4-46F5-96D2-247D54811C45}.Release|Any CPU.ActiveCfg = Release|Any CPU
		{CBB895B4-8CC4-46F5-96D2-247D54811C45}.Release|Any CPU.Build.0 = Release|Any CPU
		{CBB895B4-8CC4-46F5-96D2-247D54811C45}.Release|Mixed Platforms.ActiveCfg = Release|Any CPU
		{CBB895B4-8CC4-46F5-96D2-247D54811C45}.Release|Mixed Platforms.Build.0 = Release|Any CPU
		{CBB895B4-8CC4-46F5-96D2-247D54811C45}.Release|x86.ActiveCfg = Release|Any CPU
		{C8A0566E-DAA6-4FBD-B407-A9B806495F88}.Debug|Any CPU.ActiveCfg = Debug|Any CPU
		{C8A0566E-DAA6-4FBD-B407-A9B806495F88}.Debug|Any CPU.Build.0 = Debug|Any CPU
		{C8A0566E-DAA6-4FBD-B407-A9B806495F88}.Debug|Mixed Platforms.ActiveCfg = Debug|Any CPU
		{C8A0566E-DAA6-4FBD-B407-A9B806495F88}.Debug|Mixed Platforms.Build.0 = Debug|Any CPU
		{C8A0566E-DAA6-4FBD-B407-A9B806495F88}.Debug|x86.ActiveCfg = Debug|Any CPU
		{C8A0566E-DAA6-4FBD-B407-A9B806495F88}.Release|Any CPU.ActiveCfg = Release|Any CPU
		{C8A0566E-DAA6-4FBD-B407-A9B806495F88}.Release|Any CPU.Build.0 = Release|Any CPU
		{C8A0566E-DAA6-4FBD-B407-A9B806495F88}.Release|Mixed Platforms.ActiveCfg = Release|Any CPU
		{C8A0566E-DAA6-4FBD-B407-A9B806495F88}.Release|Mixed Platforms.Build.0 = Release|Any CPU
		{C8A0566E-DAA6-4FBD-B407-A9B806495F88}.Release|x86.ActiveCfg = Release|Any CPU
		{FE696CD6-E0FD-4D4B-9BB2-6A20DFE0E11F}.Debug|Any CPU.ActiveCfg = Debug|Any CPU
		{FE696CD6-E0FD-4D4B-9BB2-6A20DFE0E11F}.Debug|Any CPU.Build.0 = Debug|Any CPU
		{FE696CD6-E0FD-4D4B-9BB2-6A20DFE0E11F}.Debug|Mixed Platforms.ActiveCfg = Debug|Any CPU
		{FE696CD6-E0FD-4D4B-9BB2-6A20DFE0E11F}.Debug|Mixed Platforms.Build.0 = Debug|Any CPU
		{FE696CD6-E0FD-4D4B-9BB2-6A20DFE0E11F}.Debug|x86.ActiveCfg = Debug|Any CPU
		{FE696CD6-E0FD-4D4B-9BB2-6A20DFE0E11F}.Release|Any CPU.ActiveCfg = Release|Any CPU
		{FE696CD6-E0FD-4D4B-9BB2-6A20DFE0E11F}.Release|Any CPU.Build.0 = Release|Any CPU
		{FE696CD6-E0FD-4D4B-9BB2-6A20DFE0E11F}.Release|Mixed Platforms.ActiveCfg = Release|Any CPU
		{FE696CD6-E0FD-4D4B-9BB2-6A20DFE0E11F}.Release|Mixed Platforms.Build.0 = Release|Any CPU
		{FE696CD6-E0FD-4D4B-9BB2-6A20DFE0E11F}.Release|x86.ActiveCfg = Release|Any CPU
		{1B2715B7-6174-4CBD-B5A4-A871074D4AF2}.Debug|Any CPU.ActiveCfg = Debug|Any CPU
		{1B2715B7-6174-4CBD-B5A4-A871074D4AF2}.Debug|Any CPU.Build.0 = Debug|Any CPU
		{1B2715B7-6174-4CBD-B5A4-A871074D4AF2}.Debug|Mixed Platforms.ActiveCfg = Debug|Any CPU
		{1B2715B7-6174-4CBD-B5A4-A871074D4AF2}.Debug|Mixed Platforms.Build.0 = Debug|Any CPU
		{1B2715B7-6174-4CBD-B5A4-A871074D4AF2}.Debug|x86.ActiveCfg = Debug|Any CPU
		{1B2715B7-6174-4CBD-B5A4-A871074D4AF2}.Release|Any CPU.ActiveCfg = Release|Any CPU
		{1B2715B7-6174-4CBD-B5A4-A871074D4AF2}.Release|Any CPU.Build.0 = Release|Any CPU
		{1B2715B7-6174-4CBD-B5A4-A871074D4AF2}.Release|Mixed Platforms.ActiveCfg = Release|Any CPU
		{1B2715B7-6174-4CBD-B5A4-A871074D4AF2}.Release|Mixed Platforms.Build.0 = Release|Any CPU
		{1B2715B7-6174-4CBD-B5A4-A871074D4AF2}.Release|x86.ActiveCfg = Release|Any CPU
		{AC5B0A92-E4D4-419C-AD50-3FAF20947299}.Debug|Any CPU.ActiveCfg = Debug|Any CPU
		{AC5B0A92-E4D4-419C-AD50-3FAF20947299}.Debug|Any CPU.Build.0 = Debug|Any CPU
		{AC5B0A92-E4D4-419C-AD50-3FAF20947299}.Debug|Mixed Platforms.ActiveCfg = Debug|Any CPU
		{AC5B0A92-E4D4-419C-AD50-3FAF20947299}.Debug|Mixed Platforms.Build.0 = Debug|Any CPU
		{AC5B0A92-E4D4-419C-AD50-3FAF20947299}.Debug|x86.ActiveCfg = Debug|Any CPU
		{AC5B0A92-E4D4-419C-AD50-3FAF20947299}.Release|Any CPU.ActiveCfg = Release|Any CPU
		{AC5B0A92-E4D4-419C-AD50-3FAF20947299}.Release|Any CPU.Build.0 = Release|Any CPU
		{AC5B0A92-E4D4-419C-AD50-3FAF20947299}.Release|Mixed Platforms.ActiveCfg = Release|Any CPU
		{AC5B0A92-E4D4-419C-AD50-3FAF20947299}.Release|Mixed Platforms.Build.0 = Release|Any CPU
		{AC5B0A92-E4D4-419C-AD50-3FAF20947299}.Release|x86.ActiveCfg = Release|Any CPU
		{E797CC15-691D-4284-BC3F-B9E866E00AAF}.Debug|Any CPU.ActiveCfg = Debug|Any CPU
		{E797CC15-691D-4284-BC3F-B9E866E00AAF}.Debug|Any CPU.Build.0 = Debug|Any CPU
		{E797CC15-691D-4284-BC3F-B9E866E00AAF}.Debug|Mixed Platforms.ActiveCfg = Debug|Any CPU
		{E797CC15-691D-4284-BC3F-B9E866E00AAF}.Debug|Mixed Platforms.Build.0 = Debug|Any CPU
		{E797CC15-691D-4284-BC3F-B9E866E00AAF}.Debug|x86.ActiveCfg = Debug|Any CPU
		{E797CC15-691D-4284-BC3F-B9E866E00AAF}.Release|Any CPU.ActiveCfg = Release|Any CPU
		{E797CC15-691D-4284-BC3F-B9E866E00AAF}.Release|Any CPU.Build.0 = Release|Any CPU
		{E797CC15-691D-4284-BC3F-B9E866E00AAF}.Release|Mixed Platforms.ActiveCfg = Release|Any CPU
		{E797CC15-691D-4284-BC3F-B9E866E00AAF}.Release|Mixed Platforms.Build.0 = Release|Any CPU
		{E797CC15-691D-4284-BC3F-B9E866E00AAF}.Release|x86.ActiveCfg = Release|Any CPU
		{5E3A3770-169D-484E-8F97-E98642F91A58}.Debug|Any CPU.ActiveCfg = Debug|Any CPU
		{5E3A3770-169D-484E-8F97-E98642F91A58}.Debug|Any CPU.Build.0 = Debug|Any CPU
		{5E3A3770-169D-484E-8F97-E98642F91A58}.Debug|Mixed Platforms.ActiveCfg = Debug|Any CPU
		{5E3A3770-169D-484E-8F97-E98642F91A58}.Debug|Mixed Platforms.Build.0 = Debug|Any CPU
		{5E3A3770-169D-484E-8F97-E98642F91A58}.Debug|x86.ActiveCfg = Debug|Any CPU
		{5E3A3770-169D-484E-8F97-E98642F91A58}.Release|Any CPU.ActiveCfg = Release|Any CPU
		{5E3A3770-169D-484E-8F97-E98642F91A58}.Release|Any CPU.Build.0 = Release|Any CPU
		{5E3A3770-169D-484E-8F97-E98642F91A58}.Release|Mixed Platforms.ActiveCfg = Release|Any CPU
		{5E3A3770-169D-484E-8F97-E98642F91A58}.Release|Mixed Platforms.Build.0 = Release|Any CPU
		{5E3A3770-169D-484E-8F97-E98642F91A58}.Release|x86.ActiveCfg = Release|Any CPU
		{60CFEEA1-03D9-4A81-BD9F-161A78A5D005}.Debug|Any CPU.ActiveCfg = Debug|Any CPU
		{60CFEEA1-03D9-4A81-BD9F-161A78A5D005}.Debug|Any CPU.Build.0 = Debug|Any CPU
		{60CFEEA1-03D9-4A81-BD9F-161A78A5D005}.Debug|Mixed Platforms.ActiveCfg = Debug|Any CPU
		{60CFEEA1-03D9-4A81-BD9F-161A78A5D005}.Debug|Mixed Platforms.Build.0 = Debug|Any CPU
		{60CFEEA1-03D9-4A81-BD9F-161A78A5D005}.Debug|x86.ActiveCfg = Debug|Any CPU
		{60CFEEA1-03D9-4A81-BD9F-161A78A5D005}.Release|Any CPU.ActiveCfg = Release|Any CPU
		{60CFEEA1-03D9-4A81-BD9F-161A78A5D005}.Release|Any CPU.Build.0 = Release|Any CPU
		{60CFEEA1-03D9-4A81-BD9F-161A78A5D005}.Release|Mixed Platforms.ActiveCfg = Release|Any CPU
		{60CFEEA1-03D9-4A81-BD9F-161A78A5D005}.Release|Mixed Platforms.Build.0 = Release|Any CPU
		{60CFEEA1-03D9-4A81-BD9F-161A78A5D005}.Release|x86.ActiveCfg = Release|Any CPU
		{BD08DF60-216F-4CC7-BBA5-532AC929DACE}.Debug|Any CPU.ActiveCfg = Debug|Any CPU
		{BD08DF60-216F-4CC7-BBA5-532AC929DACE}.Debug|Any CPU.Build.0 = Debug|Any CPU
		{BD08DF60-216F-4CC7-BBA5-532AC929DACE}.Debug|Mixed Platforms.ActiveCfg = Debug|Any CPU
		{BD08DF60-216F-4CC7-BBA5-532AC929DACE}.Debug|Mixed Platforms.Build.0 = Debug|Any CPU
		{BD08DF60-216F-4CC7-BBA5-532AC929DACE}.Debug|x86.ActiveCfg = Debug|Any CPU
		{BD08DF60-216F-4CC7-BBA5-532AC929DACE}.Release|Any CPU.ActiveCfg = Release|Any CPU
		{BD08DF60-216F-4CC7-BBA5-532AC929DACE}.Release|Any CPU.Build.0 = Release|Any CPU
		{BD08DF60-216F-4CC7-BBA5-532AC929DACE}.Release|Mixed Platforms.ActiveCfg = Release|Any CPU
		{BD08DF60-216F-4CC7-BBA5-532AC929DACE}.Release|Mixed Platforms.Build.0 = Release|Any CPU
		{BD08DF60-216F-4CC7-BBA5-532AC929DACE}.Release|x86.ActiveCfg = Release|Any CPU
		{29F3A56F-B6D3-4176-A784-2F347CCA3B0C}.Debug|Any CPU.ActiveCfg = Debug|Any CPU
		{29F3A56F-B6D3-4176-A784-2F347CCA3B0C}.Debug|Any CPU.Build.0 = Debug|Any CPU
		{29F3A56F-B6D3-4176-A784-2F347CCA3B0C}.Debug|Mixed Platforms.ActiveCfg = Debug|Any CPU
		{29F3A56F-B6D3-4176-A784-2F347CCA3B0C}.Debug|Mixed Platforms.Build.0 = Debug|Any CPU
		{29F3A56F-B6D3-4176-A784-2F347CCA3B0C}.Debug|x86.ActiveCfg = Debug|Any CPU
		{29F3A56F-B6D3-4176-A784-2F347CCA3B0C}.Release|Any CPU.ActiveCfg = Release|Any CPU
		{29F3A56F-B6D3-4176-A784-2F347CCA3B0C}.Release|Any CPU.Build.0 = Release|Any CPU
		{29F3A56F-B6D3-4176-A784-2F347CCA3B0C}.Release|Mixed Platforms.ActiveCfg = Release|Any CPU
		{29F3A56F-B6D3-4176-A784-2F347CCA3B0C}.Release|Mixed Platforms.Build.0 = Release|Any CPU
		{29F3A56F-B6D3-4176-A784-2F347CCA3B0C}.Release|x86.ActiveCfg = Release|Any CPU
		{04DBE653-E77B-4434-A604-04DE48647CD0}.Debug|Any CPU.ActiveCfg = Debug|Any CPU
		{04DBE653-E77B-4434-A604-04DE48647CD0}.Debug|Any CPU.Build.0 = Debug|Any CPU
		{04DBE653-E77B-4434-A604-04DE48647CD0}.Debug|Mixed Platforms.ActiveCfg = Debug|Any CPU
		{04DBE653-E77B-4434-A604-04DE48647CD0}.Debug|Mixed Platforms.Build.0 = Debug|Any CPU
		{04DBE653-E77B-4434-A604-04DE48647CD0}.Debug|x86.ActiveCfg = Debug|Any CPU
		{04DBE653-E77B-4434-A604-04DE48647CD0}.Release|Any CPU.ActiveCfg = Release|Any CPU
		{04DBE653-E77B-4434-A604-04DE48647CD0}.Release|Any CPU.Build.0 = Release|Any CPU
		{04DBE653-E77B-4434-A604-04DE48647CD0}.Release|Mixed Platforms.ActiveCfg = Release|Any CPU
		{04DBE653-E77B-4434-A604-04DE48647CD0}.Release|Mixed Platforms.Build.0 = Release|Any CPU
		{04DBE653-E77B-4434-A604-04DE48647CD0}.Release|x86.ActiveCfg = Release|Any CPU
		{CF1EFFE6-39D7-4014-A3D5-76A64B1CE448}.Debug|Any CPU.ActiveCfg = Debug|Any CPU
		{CF1EFFE6-39D7-4014-A3D5-76A64B1CE448}.Debug|Any CPU.Build.0 = Debug|Any CPU
		{CF1EFFE6-39D7-4014-A3D5-76A64B1CE448}.Debug|Mixed Platforms.ActiveCfg = Debug|Any CPU
		{CF1EFFE6-39D7-4014-A3D5-76A64B1CE448}.Debug|Mixed Platforms.Build.0 = Debug|Any CPU
		{CF1EFFE6-39D7-4014-A3D5-76A64B1CE448}.Debug|x86.ActiveCfg = Debug|Any CPU
		{CF1EFFE6-39D7-4014-A3D5-76A64B1CE448}.Release|Any CPU.ActiveCfg = Release|Any CPU
		{CF1EFFE6-39D7-4014-A3D5-76A64B1CE448}.Release|Any CPU.Build.0 = Release|Any CPU
		{CF1EFFE6-39D7-4014-A3D5-76A64B1CE448}.Release|Mixed Platforms.ActiveCfg = Release|Any CPU
		{CF1EFFE6-39D7-4014-A3D5-76A64B1CE448}.Release|Mixed Platforms.Build.0 = Release|Any CPU
		{CF1EFFE6-39D7-4014-A3D5-76A64B1CE448}.Release|x86.ActiveCfg = Release|Any CPU
		{C2E5AC5F-4D0F-4878-A456-CE78D16FC6C0}.Debug|Any CPU.ActiveCfg = Debug|Any CPU
		{C2E5AC5F-4D0F-4878-A456-CE78D16FC6C0}.Debug|Any CPU.Build.0 = Debug|Any CPU
		{C2E5AC5F-4D0F-4878-A456-CE78D16FC6C0}.Debug|Mixed Platforms.ActiveCfg = Debug|Any CPU
		{C2E5AC5F-4D0F-4878-A456-CE78D16FC6C0}.Debug|Mixed Platforms.Build.0 = Debug|Any CPU
		{C2E5AC5F-4D0F-4878-A456-CE78D16FC6C0}.Debug|x86.ActiveCfg = Debug|Any CPU
		{C2E5AC5F-4D0F-4878-A456-CE78D16FC6C0}.Release|Any CPU.ActiveCfg = Release|Any CPU
		{C2E5AC5F-4D0F-4878-A456-CE78D16FC6C0}.Release|Any CPU.Build.0 = Release|Any CPU
		{C2E5AC5F-4D0F-4878-A456-CE78D16FC6C0}.Release|Mixed Platforms.ActiveCfg = Release|Any CPU
		{C2E5AC5F-4D0F-4878-A456-CE78D16FC6C0}.Release|Mixed Platforms.Build.0 = Release|Any CPU
		{C2E5AC5F-4D0F-4878-A456-CE78D16FC6C0}.Release|x86.ActiveCfg = Release|Any CPU
		{87712199-3F2A-4FD4-A08F-80A444F8AA93}.Debug|Any CPU.ActiveCfg = Debug|Any CPU
		{87712199-3F2A-4FD4-A08F-80A444F8AA93}.Debug|Any CPU.Build.0 = Debug|Any CPU
		{87712199-3F2A-4FD4-A08F-80A444F8AA93}.Debug|Any CPU.Deploy.0 = Debug|Any CPU
		{87712199-3F2A-4FD4-A08F-80A444F8AA93}.Debug|Mixed Platforms.ActiveCfg = Debug|Any CPU
		{87712199-3F2A-4FD4-A08F-80A444F8AA93}.Debug|Mixed Platforms.Build.0 = Debug|Any CPU
		{87712199-3F2A-4FD4-A08F-80A444F8AA93}.Debug|Mixed Platforms.Deploy.0 = Debug|Any CPU
		{87712199-3F2A-4FD4-A08F-80A444F8AA93}.Debug|x86.ActiveCfg = Debug|Any CPU
		{87712199-3F2A-4FD4-A08F-80A444F8AA93}.Release|Any CPU.ActiveCfg = Release|Any CPU
		{87712199-3F2A-4FD4-A08F-80A444F8AA93}.Release|Any CPU.Build.0 = Release|Any CPU
		{87712199-3F2A-4FD4-A08F-80A444F8AA93}.Release|Any CPU.Deploy.0 = Release|Any CPU
		{87712199-3F2A-4FD4-A08F-80A444F8AA93}.Release|Mixed Platforms.ActiveCfg = Release|Any CPU
		{87712199-3F2A-4FD4-A08F-80A444F8AA93}.Release|Mixed Platforms.Build.0 = Release|Any CPU
		{87712199-3F2A-4FD4-A08F-80A444F8AA93}.Release|Mixed Platforms.Deploy.0 = Release|Any CPU
		{87712199-3F2A-4FD4-A08F-80A444F8AA93}.Release|x86.ActiveCfg = Release|Any CPU
		{CE076AE6-7711-4359-B98B-55EF72B18113}.Debug|Any CPU.ActiveCfg = Debug|Any CPU
		{CE076AE6-7711-4359-B98B-55EF72B18113}.Debug|Any CPU.Build.0 = Debug|Any CPU
		{CE076AE6-7711-4359-B98B-55EF72B18113}.Debug|Any CPU.Deploy.0 = Debug|Any CPU
		{CE076AE6-7711-4359-B98B-55EF72B18113}.Debug|Mixed Platforms.ActiveCfg = Debug|Any CPU
		{CE076AE6-7711-4359-B98B-55EF72B18113}.Debug|Mixed Platforms.Build.0 = Debug|Any CPU
		{CE076AE6-7711-4359-B98B-55EF72B18113}.Debug|Mixed Platforms.Deploy.0 = Debug|Any CPU
		{CE076AE6-7711-4359-B98B-55EF72B18113}.Debug|x86.ActiveCfg = Debug|Any CPU
		{CE076AE6-7711-4359-B98B-55EF72B18113}.Release|Any CPU.ActiveCfg = Release|Any CPU
		{CE076AE6-7711-4359-B98B-55EF72B18113}.Release|Any CPU.Build.0 = Release|Any CPU
		{CE076AE6-7711-4359-B98B-55EF72B18113}.Release|Any CPU.Deploy.0 = Release|Any CPU
		{CE076AE6-7711-4359-B98B-55EF72B18113}.Release|Mixed Platforms.ActiveCfg = Release|Any CPU
		{CE076AE6-7711-4359-B98B-55EF72B18113}.Release|Mixed Platforms.Build.0 = Release|Any CPU
		{CE076AE6-7711-4359-B98B-55EF72B18113}.Release|Mixed Platforms.Deploy.0 = Release|Any CPU
		{CE076AE6-7711-4359-B98B-55EF72B18113}.Release|x86.ActiveCfg = Release|Any CPU
		{04B9AE65-4CC4-4DA1-B3F7-50D1740F14AE}.Debug|Any CPU.ActiveCfg = Debug|Any CPU
		{04B9AE65-4CC4-4DA1-B3F7-50D1740F14AE}.Debug|Any CPU.Build.0 = Debug|Any CPU
		{04B9AE65-4CC4-4DA1-B3F7-50D1740F14AE}.Debug|Any CPU.Deploy.0 = Debug|Any CPU
		{04B9AE65-4CC4-4DA1-B3F7-50D1740F14AE}.Debug|Mixed Platforms.ActiveCfg = Debug|Any CPU
		{04B9AE65-4CC4-4DA1-B3F7-50D1740F14AE}.Debug|Mixed Platforms.Build.0 = Debug|Any CPU
		{04B9AE65-4CC4-4DA1-B3F7-50D1740F14AE}.Debug|Mixed Platforms.Deploy.0 = Debug|Any CPU
		{04B9AE65-4CC4-4DA1-B3F7-50D1740F14AE}.Debug|x86.ActiveCfg = Debug|Any CPU
		{04B9AE65-4CC4-4DA1-B3F7-50D1740F14AE}.Release|Any CPU.ActiveCfg = Release|Any CPU
		{04B9AE65-4CC4-4DA1-B3F7-50D1740F14AE}.Release|Any CPU.Build.0 = Release|Any CPU
		{04B9AE65-4CC4-4DA1-B3F7-50D1740F14AE}.Release|Any CPU.Deploy.0 = Release|Any CPU
		{04B9AE65-4CC4-4DA1-B3F7-50D1740F14AE}.Release|Mixed Platforms.ActiveCfg = Release|Any CPU
		{04B9AE65-4CC4-4DA1-B3F7-50D1740F14AE}.Release|Mixed Platforms.Build.0 = Release|Any CPU
		{04B9AE65-4CC4-4DA1-B3F7-50D1740F14AE}.Release|Mixed Platforms.Deploy.0 = Release|Any CPU
		{04B9AE65-4CC4-4DA1-B3F7-50D1740F14AE}.Release|x86.ActiveCfg = Release|Any CPU
		{0A481BEF-6D7C-48A3-A332-ED963061158A}.Debug|Any CPU.ActiveCfg = Debug|Any CPU
		{0A481BEF-6D7C-48A3-A332-ED963061158A}.Debug|Any CPU.Build.0 = Debug|Any CPU
		{0A481BEF-6D7C-48A3-A332-ED963061158A}.Debug|Any CPU.Deploy.0 = Debug|Any CPU
		{0A481BEF-6D7C-48A3-A332-ED963061158A}.Debug|Mixed Platforms.ActiveCfg = Debug|Any CPU
		{0A481BEF-6D7C-48A3-A332-ED963061158A}.Debug|Mixed Platforms.Build.0 = Debug|Any CPU
		{0A481BEF-6D7C-48A3-A332-ED963061158A}.Debug|Mixed Platforms.Deploy.0 = Debug|Any CPU
		{0A481BEF-6D7C-48A3-A332-ED963061158A}.Debug|x86.ActiveCfg = Debug|Any CPU
		{0A481BEF-6D7C-48A3-A332-ED963061158A}.Release|Any CPU.ActiveCfg = Release|Any CPU
		{0A481BEF-6D7C-48A3-A332-ED963061158A}.Release|Any CPU.Build.0 = Release|Any CPU
		{0A481BEF-6D7C-48A3-A332-ED963061158A}.Release|Any CPU.Deploy.0 = Release|Any CPU
		{0A481BEF-6D7C-48A3-A332-ED963061158A}.Release|Mixed Platforms.ActiveCfg = Release|Any CPU
		{0A481BEF-6D7C-48A3-A332-ED963061158A}.Release|Mixed Platforms.Build.0 = Release|Any CPU
		{0A481BEF-6D7C-48A3-A332-ED963061158A}.Release|Mixed Platforms.Deploy.0 = Release|Any CPU
		{0A481BEF-6D7C-48A3-A332-ED963061158A}.Release|x86.ActiveCfg = Release|Any CPU
		{D406E386-2498-4BC5-9FA2-1585259A613D}.Debug|Any CPU.ActiveCfg = Debug|Any CPU
		{D406E386-2498-4BC5-9FA2-1585259A613D}.Debug|Any CPU.Build.0 = Debug|Any CPU
		{D406E386-2498-4BC5-9FA2-1585259A613D}.Debug|Any CPU.Deploy.0 = Debug|Any CPU
		{D406E386-2498-4BC5-9FA2-1585259A613D}.Debug|Mixed Platforms.ActiveCfg = Debug|Any CPU
		{D406E386-2498-4BC5-9FA2-1585259A613D}.Debug|Mixed Platforms.Build.0 = Debug|Any CPU
		{D406E386-2498-4BC5-9FA2-1585259A613D}.Debug|Mixed Platforms.Deploy.0 = Debug|Any CPU
		{D406E386-2498-4BC5-9FA2-1585259A613D}.Debug|x86.ActiveCfg = Debug|Any CPU
		{D406E386-2498-4BC5-9FA2-1585259A613D}.Release|Any CPU.ActiveCfg = Release|Any CPU
		{D406E386-2498-4BC5-9FA2-1585259A613D}.Release|Any CPU.Build.0 = Release|Any CPU
		{D406E386-2498-4BC5-9FA2-1585259A613D}.Release|Any CPU.Deploy.0 = Release|Any CPU
		{D406E386-2498-4BC5-9FA2-1585259A613D}.Release|Mixed Platforms.ActiveCfg = Release|Any CPU
		{D406E386-2498-4BC5-9FA2-1585259A613D}.Release|Mixed Platforms.Build.0 = Release|Any CPU
		{D406E386-2498-4BC5-9FA2-1585259A613D}.Release|Mixed Platforms.Deploy.0 = Release|Any CPU
		{D406E386-2498-4BC5-9FA2-1585259A613D}.Release|x86.ActiveCfg = Release|Any CPU
		{399321E2-8AD6-4732-A75E-E3ECE480226C}.Debug|Any CPU.ActiveCfg = Debug|Any CPU
		{399321E2-8AD6-4732-A75E-E3ECE480226C}.Debug|Any CPU.Build.0 = Debug|Any CPU
		{399321E2-8AD6-4732-A75E-E3ECE480226C}.Debug|Any CPU.Deploy.0 = Debug|Any CPU
		{399321E2-8AD6-4732-A75E-E3ECE480226C}.Debug|Mixed Platforms.ActiveCfg = Debug|Any CPU
		{399321E2-8AD6-4732-A75E-E3ECE480226C}.Debug|Mixed Platforms.Build.0 = Debug|Any CPU
		{399321E2-8AD6-4732-A75E-E3ECE480226C}.Debug|Mixed Platforms.Deploy.0 = Debug|Any CPU
		{399321E2-8AD6-4732-A75E-E3ECE480226C}.Debug|x86.ActiveCfg = Debug|Any CPU
		{399321E2-8AD6-4732-A75E-E3ECE480226C}.Release|Any CPU.ActiveCfg = Release|Any CPU
		{399321E2-8AD6-4732-A75E-E3ECE480226C}.Release|Any CPU.Build.0 = Release|Any CPU
		{399321E2-8AD6-4732-A75E-E3ECE480226C}.Release|Any CPU.Deploy.0 = Release|Any CPU
		{399321E2-8AD6-4732-A75E-E3ECE480226C}.Release|Mixed Platforms.ActiveCfg = Release|Any CPU
		{399321E2-8AD6-4732-A75E-E3ECE480226C}.Release|Mixed Platforms.Build.0 = Release|Any CPU
		{399321E2-8AD6-4732-A75E-E3ECE480226C}.Release|Mixed Platforms.Deploy.0 = Release|Any CPU
		{399321E2-8AD6-4732-A75E-E3ECE480226C}.Release|x86.ActiveCfg = Release|Any CPU
		{9A99913D-4646-4AF4-B240-9108227A1530}.Debug|Any CPU.ActiveCfg = Debug|Any CPU
		{9A99913D-4646-4AF4-B240-9108227A1530}.Debug|Any CPU.Build.0 = Debug|Any CPU
		{9A99913D-4646-4AF4-B240-9108227A1530}.Debug|Any CPU.Deploy.0 = Debug|Any CPU
		{9A99913D-4646-4AF4-B240-9108227A1530}.Debug|Mixed Platforms.ActiveCfg = Debug|Any CPU
		{9A99913D-4646-4AF4-B240-9108227A1530}.Debug|Mixed Platforms.Build.0 = Debug|Any CPU
		{9A99913D-4646-4AF4-B240-9108227A1530}.Debug|Mixed Platforms.Deploy.0 = Debug|Any CPU
		{9A99913D-4646-4AF4-B240-9108227A1530}.Debug|x86.ActiveCfg = Debug|Any CPU
		{9A99913D-4646-4AF4-B240-9108227A1530}.Release|Any CPU.ActiveCfg = Release|Any CPU
		{9A99913D-4646-4AF4-B240-9108227A1530}.Release|Any CPU.Build.0 = Release|Any CPU
		{9A99913D-4646-4AF4-B240-9108227A1530}.Release|Any CPU.Deploy.0 = Release|Any CPU
		{9A99913D-4646-4AF4-B240-9108227A1530}.Release|Mixed Platforms.ActiveCfg = Release|Any CPU
		{9A99913D-4646-4AF4-B240-9108227A1530}.Release|Mixed Platforms.Build.0 = Release|Any CPU
		{9A99913D-4646-4AF4-B240-9108227A1530}.Release|Mixed Platforms.Deploy.0 = Release|Any CPU
		{9A99913D-4646-4AF4-B240-9108227A1530}.Release|x86.ActiveCfg = Release|Any CPU
		{58BDEB68-2FC1-4D44-AD19-A48866610DAF}.Debug|Any CPU.ActiveCfg = Debug|Any CPU
		{58BDEB68-2FC1-4D44-AD19-A48866610DAF}.Debug|Any CPU.Build.0 = Debug|Any CPU
		{58BDEB68-2FC1-4D44-AD19-A48866610DAF}.Debug|Any CPU.Deploy.0 = Debug|Any CPU
		{58BDEB68-2FC1-4D44-AD19-A48866610DAF}.Debug|Mixed Platforms.ActiveCfg = Debug|Any CPU
		{58BDEB68-2FC1-4D44-AD19-A48866610DAF}.Debug|Mixed Platforms.Build.0 = Debug|Any CPU
		{58BDEB68-2FC1-4D44-AD19-A48866610DAF}.Debug|Mixed Platforms.Deploy.0 = Debug|Any CPU
		{58BDEB68-2FC1-4D44-AD19-A48866610DAF}.Debug|x86.ActiveCfg = Debug|Any CPU
		{58BDEB68-2FC1-4D44-AD19-A48866610DAF}.Release|Any CPU.ActiveCfg = Release|Any CPU
		{58BDEB68-2FC1-4D44-AD19-A48866610DAF}.Release|Any CPU.Build.0 = Release|Any CPU
		{58BDEB68-2FC1-4D44-AD19-A48866610DAF}.Release|Any CPU.Deploy.0 = Release|Any CPU
		{58BDEB68-2FC1-4D44-AD19-A48866610DAF}.Release|Mixed Platforms.ActiveCfg = Release|Any CPU
		{58BDEB68-2FC1-4D44-AD19-A48866610DAF}.Release|Mixed Platforms.Build.0 = Release|Any CPU
		{58BDEB68-2FC1-4D44-AD19-A48866610DAF}.Release|Mixed Platforms.Deploy.0 = Release|Any CPU
		{58BDEB68-2FC1-4D44-AD19-A48866610DAF}.Release|x86.ActiveCfg = Release|Any CPU
		{D113B227-226B-4685-B85C-FFFAED3FC847}.Debug|Any CPU.ActiveCfg = Debug|Any CPU
		{D113B227-226B-4685-B85C-FFFAED3FC847}.Debug|Any CPU.Build.0 = Debug|Any CPU
		{D113B227-226B-4685-B85C-FFFAED3FC847}.Debug|Any CPU.Deploy.0 = Debug|Any CPU
		{D113B227-226B-4685-B85C-FFFAED3FC847}.Debug|Mixed Platforms.ActiveCfg = Debug|Any CPU
		{D113B227-226B-4685-B85C-FFFAED3FC847}.Debug|Mixed Platforms.Build.0 = Debug|Any CPU
		{D113B227-226B-4685-B85C-FFFAED3FC847}.Debug|Mixed Platforms.Deploy.0 = Debug|Any CPU
		{D113B227-226B-4685-B85C-FFFAED3FC847}.Debug|x86.ActiveCfg = Debug|Any CPU
		{D113B227-226B-4685-B85C-FFFAED3FC847}.Release|Any CPU.ActiveCfg = Release|Any CPU
		{D113B227-226B-4685-B85C-FFFAED3FC847}.Release|Any CPU.Build.0 = Release|Any CPU
		{D113B227-226B-4685-B85C-FFFAED3FC847}.Release|Any CPU.Deploy.0 = Release|Any CPU
		{D113B227-226B-4685-B85C-FFFAED3FC847}.Release|Mixed Platforms.ActiveCfg = Release|Any CPU
		{D113B227-226B-4685-B85C-FFFAED3FC847}.Release|Mixed Platforms.Build.0 = Release|Any CPU
		{D113B227-226B-4685-B85C-FFFAED3FC847}.Release|Mixed Platforms.Deploy.0 = Release|Any CPU
		{D113B227-226B-4685-B85C-FFFAED3FC847}.Release|x86.ActiveCfg = Release|Any CPU
		{4F2FF53B-BD11-4F84-9A6A-424B3DFDA8BF}.Debug|Any CPU.ActiveCfg = Debug|Any CPU
		{4F2FF53B-BD11-4F84-9A6A-424B3DFDA8BF}.Debug|Any CPU.Build.0 = Debug|Any CPU
		{4F2FF53B-BD11-4F84-9A6A-424B3DFDA8BF}.Debug|Mixed Platforms.ActiveCfg = Debug|Any CPU
		{4F2FF53B-BD11-4F84-9A6A-424B3DFDA8BF}.Debug|Mixed Platforms.Build.0 = Debug|Any CPU
		{4F2FF53B-BD11-4F84-9A6A-424B3DFDA8BF}.Debug|x86.ActiveCfg = Debug|Any CPU
		{4F2FF53B-BD11-4F84-9A6A-424B3DFDA8BF}.Release|Any CPU.ActiveCfg = Release|Any CPU
		{4F2FF53B-BD11-4F84-9A6A-424B3DFDA8BF}.Release|Any CPU.Build.0 = Release|Any CPU
		{4F2FF53B-BD11-4F84-9A6A-424B3DFDA8BF}.Release|Mixed Platforms.ActiveCfg = Release|Any CPU
		{4F2FF53B-BD11-4F84-9A6A-424B3DFDA8BF}.Release|Mixed Platforms.Build.0 = Release|Any CPU
		{4F2FF53B-BD11-4F84-9A6A-424B3DFDA8BF}.Release|x86.ActiveCfg = Release|Any CPU
		{89DBB2FF-71C5-49BA-950B-E1D5FE7DB70D}.Debug|Any CPU.ActiveCfg = Debug|Any CPU
		{89DBB2FF-71C5-49BA-950B-E1D5FE7DB70D}.Debug|Any CPU.Build.0 = Debug|Any CPU
		{89DBB2FF-71C5-49BA-950B-E1D5FE7DB70D}.Debug|Mixed Platforms.ActiveCfg = Debug|Any CPU
		{89DBB2FF-71C5-49BA-950B-E1D5FE7DB70D}.Debug|Mixed Platforms.Build.0 = Debug|Any CPU
		{89DBB2FF-71C5-49BA-950B-E1D5FE7DB70D}.Debug|x86.ActiveCfg = Debug|Any CPU
		{89DBB2FF-71C5-49BA-950B-E1D5FE7DB70D}.Release|Any CPU.ActiveCfg = Release|Any CPU
		{89DBB2FF-71C5-49BA-950B-E1D5FE7DB70D}.Release|Any CPU.Build.0 = Release|Any CPU
		{89DBB2FF-71C5-49BA-950B-E1D5FE7DB70D}.Release|Mixed Platforms.ActiveCfg = Release|Any CPU
		{89DBB2FF-71C5-49BA-950B-E1D5FE7DB70D}.Release|Mixed Platforms.Build.0 = Release|Any CPU
		{89DBB2FF-71C5-49BA-950B-E1D5FE7DB70D}.Release|x86.ActiveCfg = Release|Any CPU
		{809983D1-54A0-4C40-8D0B-101FA101FDF1}.Debug|Any CPU.ActiveCfg = Debug|Any CPU
		{809983D1-54A0-4C40-8D0B-101FA101FDF1}.Debug|Any CPU.Build.0 = Debug|Any CPU
		{809983D1-54A0-4C40-8D0B-101FA101FDF1}.Debug|Mixed Platforms.ActiveCfg = Debug|Any CPU
		{809983D1-54A0-4C40-8D0B-101FA101FDF1}.Debug|Mixed Platforms.Build.0 = Debug|Any CPU
		{809983D1-54A0-4C40-8D0B-101FA101FDF1}.Debug|x86.ActiveCfg = Debug|Any CPU
		{809983D1-54A0-4C40-8D0B-101FA101FDF1}.Release|Any CPU.ActiveCfg = Release|Any CPU
		{809983D1-54A0-4C40-8D0B-101FA101FDF1}.Release|Any CPU.Build.0 = Release|Any CPU
		{809983D1-54A0-4C40-8D0B-101FA101FDF1}.Release|Mixed Platforms.ActiveCfg = Release|Any CPU
		{809983D1-54A0-4C40-8D0B-101FA101FDF1}.Release|Mixed Platforms.Build.0 = Release|Any CPU
		{809983D1-54A0-4C40-8D0B-101FA101FDF1}.Release|x86.ActiveCfg = Release|Any CPU
		{7690ABF7-7927-452E-82B6-02AC6B209BA1}.Debug|Any CPU.ActiveCfg = Debug|Any CPU
		{7690ABF7-7927-452E-82B6-02AC6B209BA1}.Debug|Any CPU.Build.0 = Debug|Any CPU
		{7690ABF7-7927-452E-82B6-02AC6B209BA1}.Debug|Mixed Platforms.ActiveCfg = Debug|Any CPU
		{7690ABF7-7927-452E-82B6-02AC6B209BA1}.Debug|Mixed Platforms.Build.0 = Debug|Any CPU
		{7690ABF7-7927-452E-82B6-02AC6B209BA1}.Debug|x86.ActiveCfg = Debug|Any CPU
		{7690ABF7-7927-452E-82B6-02AC6B209BA1}.Release|Any CPU.ActiveCfg = Release|Any CPU
		{7690ABF7-7927-452E-82B6-02AC6B209BA1}.Release|Any CPU.Build.0 = Release|Any CPU
		{7690ABF7-7927-452E-82B6-02AC6B209BA1}.Release|Mixed Platforms.ActiveCfg = Release|Any CPU
		{7690ABF7-7927-452E-82B6-02AC6B209BA1}.Release|Mixed Platforms.Build.0 = Release|Any CPU
		{7690ABF7-7927-452E-82B6-02AC6B209BA1}.Release|x86.ActiveCfg = Release|Any CPU
		{5825C7B2-EE1D-438D-B7D1-4B4506559436}.Debug|Any CPU.ActiveCfg = Debug|Any CPU
		{5825C7B2-EE1D-438D-B7D1-4B4506559436}.Debug|Any CPU.Build.0 = Debug|Any CPU
		{5825C7B2-EE1D-438D-B7D1-4B4506559436}.Debug|Mixed Platforms.ActiveCfg = Debug|Any CPU
		{5825C7B2-EE1D-438D-B7D1-4B4506559436}.Debug|Mixed Platforms.Build.0 = Debug|Any CPU
		{5825C7B2-EE1D-438D-B7D1-4B4506559436}.Debug|x86.ActiveCfg = Debug|Any CPU
		{5825C7B2-EE1D-438D-B7D1-4B4506559436}.Release|Any CPU.ActiveCfg = Release|Any CPU
		{5825C7B2-EE1D-438D-B7D1-4B4506559436}.Release|Any CPU.Build.0 = Release|Any CPU
		{5825C7B2-EE1D-438D-B7D1-4B4506559436}.Release|Mixed Platforms.ActiveCfg = Release|Any CPU
		{5825C7B2-EE1D-438D-B7D1-4B4506559436}.Release|Mixed Platforms.Build.0 = Release|Any CPU
		{5825C7B2-EE1D-438D-B7D1-4B4506559436}.Release|x86.ActiveCfg = Release|Any CPU
		{D3064C87-D967-49FC-A42E-FE695CB0273E}.Debug|Any CPU.ActiveCfg = Debug|Any CPU
		{D3064C87-D967-49FC-A42E-FE695CB0273E}.Debug|Any CPU.Build.0 = Debug|Any CPU
		{D3064C87-D967-49FC-A42E-FE695CB0273E}.Debug|Mixed Platforms.ActiveCfg = Debug|Any CPU
		{D3064C87-D967-49FC-A42E-FE695CB0273E}.Debug|Mixed Platforms.Build.0 = Debug|Any CPU
		{D3064C87-D967-49FC-A42E-FE695CB0273E}.Debug|x86.ActiveCfg = Debug|Any CPU
		{D3064C87-D967-49FC-A42E-FE695CB0273E}.Release|Any CPU.ActiveCfg = Release|Any CPU
		{D3064C87-D967-49FC-A42E-FE695CB0273E}.Release|Any CPU.Build.0 = Release|Any CPU
		{D3064C87-D967-49FC-A42E-FE695CB0273E}.Release|Mixed Platforms.ActiveCfg = Release|Any CPU
		{D3064C87-D967-49FC-A42E-FE695CB0273E}.Release|Mixed Platforms.Build.0 = Release|Any CPU
		{D3064C87-D967-49FC-A42E-FE695CB0273E}.Release|x86.ActiveCfg = Release|Any CPU
		{8F04DF76-8C10-436C-96F8-E14DC08D909C}.Debug|Any CPU.ActiveCfg = Debug|Any CPU
		{8F04DF76-8C10-436C-96F8-E14DC08D909C}.Debug|Any CPU.Build.0 = Debug|Any CPU
		{8F04DF76-8C10-436C-96F8-E14DC08D909C}.Debug|Mixed Platforms.ActiveCfg = Debug|Any CPU
		{8F04DF76-8C10-436C-96F8-E14DC08D909C}.Debug|Mixed Platforms.Build.0 = Debug|Any CPU
		{8F04DF76-8C10-436C-96F8-E14DC08D909C}.Debug|x86.ActiveCfg = Debug|Any CPU
		{8F04DF76-8C10-436C-96F8-E14DC08D909C}.Release|Any CPU.ActiveCfg = Release|Any CPU
		{8F04DF76-8C10-436C-96F8-E14DC08D909C}.Release|Any CPU.Build.0 = Release|Any CPU
		{8F04DF76-8C10-436C-96F8-E14DC08D909C}.Release|Mixed Platforms.ActiveCfg = Release|Any CPU
		{8F04DF76-8C10-436C-96F8-E14DC08D909C}.Release|Mixed Platforms.Build.0 = Release|Any CPU
		{8F04DF76-8C10-436C-96F8-E14DC08D909C}.Release|x86.ActiveCfg = Release|Any CPU
		{6DB37F89-0EAB-49F1-990E-84152A0000B5}.Debug|Any CPU.ActiveCfg = Debug|Any CPU
		{6DB37F89-0EAB-49F1-990E-84152A0000B5}.Debug|Any CPU.Build.0 = Debug|Any CPU
		{6DB37F89-0EAB-49F1-990E-84152A0000B5}.Debug|Mixed Platforms.ActiveCfg = Debug|Any CPU
		{6DB37F89-0EAB-49F1-990E-84152A0000B5}.Debug|Mixed Platforms.Build.0 = Debug|Any CPU
		{6DB37F89-0EAB-49F1-990E-84152A0000B5}.Debug|x86.ActiveCfg = Debug|Any CPU
		{6DB37F89-0EAB-49F1-990E-84152A0000B5}.Release|Any CPU.ActiveCfg = Release|Any CPU
		{6DB37F89-0EAB-49F1-990E-84152A0000B5}.Release|Any CPU.Build.0 = Release|Any CPU
		{6DB37F89-0EAB-49F1-990E-84152A0000B5}.Release|Mixed Platforms.ActiveCfg = Release|Any CPU
		{6DB37F89-0EAB-49F1-990E-84152A0000B5}.Release|Mixed Platforms.Build.0 = Release|Any CPU
		{6DB37F89-0EAB-49F1-990E-84152A0000B5}.Release|x86.ActiveCfg = Release|Any CPU
		{4A429D3C-48B3-42E5-9261-C7ED5184E1B9}.Debug|Any CPU.ActiveCfg = Debug|Any CPU
		{4A429D3C-48B3-42E5-9261-C7ED5184E1B9}.Debug|Any CPU.Build.0 = Debug|Any CPU
		{4A429D3C-48B3-42E5-9261-C7ED5184E1B9}.Debug|Mixed Platforms.ActiveCfg = Debug|Any CPU
		{4A429D3C-48B3-42E5-9261-C7ED5184E1B9}.Debug|Mixed Platforms.Build.0 = Debug|Any CPU
		{4A429D3C-48B3-42E5-9261-C7ED5184E1B9}.Debug|x86.ActiveCfg = Debug|Any CPU
		{4A429D3C-48B3-42E5-9261-C7ED5184E1B9}.Release|Any CPU.ActiveCfg = Release|Any CPU
		{4A429D3C-48B3-42E5-9261-C7ED5184E1B9}.Release|Any CPU.Build.0 = Release|Any CPU
		{4A429D3C-48B3-42E5-9261-C7ED5184E1B9}.Release|Mixed Platforms.ActiveCfg = Release|Any CPU
		{4A429D3C-48B3-42E5-9261-C7ED5184E1B9}.Release|Mixed Platforms.Build.0 = Release|Any CPU
		{4A429D3C-48B3-42E5-9261-C7ED5184E1B9}.Release|x86.ActiveCfg = Release|Any CPU
		{1DD5C443-9808-4A7B-A520-44696894B909}.Debug|Any CPU.ActiveCfg = Debug|Any CPU
		{1DD5C443-9808-4A7B-A520-44696894B909}.Debug|Any CPU.Build.0 = Debug|Any CPU
		{1DD5C443-9808-4A7B-A520-44696894B909}.Debug|Mixed Platforms.ActiveCfg = Debug|Any CPU
		{1DD5C443-9808-4A7B-A520-44696894B909}.Debug|Mixed Platforms.Build.0 = Debug|Any CPU
		{1DD5C443-9808-4A7B-A520-44696894B909}.Debug|x86.ActiveCfg = Debug|Any CPU
		{1DD5C443-9808-4A7B-A520-44696894B909}.Release|Any CPU.ActiveCfg = Release|Any CPU
		{1DD5C443-9808-4A7B-A520-44696894B909}.Release|Any CPU.Build.0 = Release|Any CPU
		{1DD5C443-9808-4A7B-A520-44696894B909}.Release|Mixed Platforms.ActiveCfg = Release|Any CPU
		{1DD5C443-9808-4A7B-A520-44696894B909}.Release|Mixed Platforms.Build.0 = Release|Any CPU
		{1DD5C443-9808-4A7B-A520-44696894B909}.Release|x86.ActiveCfg = Release|Any CPU
		{DB71D3F5-05C5-4FA3-8DC7-30A1EA426CE1}.Debug|Any CPU.ActiveCfg = Debug|Any CPU
		{DB71D3F5-05C5-4FA3-8DC7-30A1EA426CE1}.Debug|Any CPU.Build.0 = Debug|Any CPU
		{DB71D3F5-05C5-4FA3-8DC7-30A1EA426CE1}.Debug|Any CPU.Deploy.0 = Debug|Any CPU
		{DB71D3F5-05C5-4FA3-8DC7-30A1EA426CE1}.Debug|Mixed Platforms.ActiveCfg = Debug|Any CPU
		{DB71D3F5-05C5-4FA3-8DC7-30A1EA426CE1}.Debug|Mixed Platforms.Build.0 = Debug|Any CPU
		{DB71D3F5-05C5-4FA3-8DC7-30A1EA426CE1}.Debug|Mixed Platforms.Deploy.0 = Debug|Any CPU
		{DB71D3F5-05C5-4FA3-8DC7-30A1EA426CE1}.Debug|x86.ActiveCfg = Debug|Any CPU
		{DB71D3F5-05C5-4FA3-8DC7-30A1EA426CE1}.Release|Any CPU.ActiveCfg = Release|Any CPU
		{DB71D3F5-05C5-4FA3-8DC7-30A1EA426CE1}.Release|Any CPU.Build.0 = Release|Any CPU
		{DB71D3F5-05C5-4FA3-8DC7-30A1EA426CE1}.Release|Any CPU.Deploy.0 = Release|Any CPU
		{DB71D3F5-05C5-4FA3-8DC7-30A1EA426CE1}.Release|Mixed Platforms.ActiveCfg = Release|Any CPU
		{DB71D3F5-05C5-4FA3-8DC7-30A1EA426CE1}.Release|Mixed Platforms.Build.0 = Release|Any CPU
		{DB71D3F5-05C5-4FA3-8DC7-30A1EA426CE1}.Release|Mixed Platforms.Deploy.0 = Release|Any CPU
		{DB71D3F5-05C5-4FA3-8DC7-30A1EA426CE1}.Release|x86.ActiveCfg = Release|Any CPU
	EndGlobalSection
	GlobalSection(SolutionProperties) = preSolution
		HideSolutionNode = FALSE
	EndGlobalSection
	GlobalSection(NestedProjects) = preSolution
		{CBB895B4-8CC4-46F5-96D2-247D54811C45} = {1C85B68C-F549-4E93-845E-665E04B722A8}
		{C8A0566E-DAA6-4FBD-B407-A9B806495F88} = {1C85B68C-F549-4E93-845E-665E04B722A8}
		{76A70AF9-35EC-4A0D-92C0-C48752C53DF0} = {1C85B68C-F549-4E93-845E-665E04B722A8}
		{1C85B68C-F549-4E93-845E-665E04B722A8} = {C6AE0BAE-6DDB-4CE0-8E40-07233FC3F2F3}
		{F6E84214-4068-4FF3-ACC3-18A0BFACDF8C} = {C6AE0BAE-6DDB-4CE0-8E40-07233FC3F2F3}
		{B8765C38-208B-4D8A-89BD-490A6AB93009} = {57E8426E-9C10-4BEE-A19F-71FC097B74E9}
		{3A102B28-235F-4D88-BAE8-018511C0FD4B} = {57E8426E-9C10-4BEE-A19F-71FC097B74E9}
		{CFA58043-CAB1-4B6F-8504-35E397B8BBE0} = {F6E84214-4068-4FF3-ACC3-18A0BFACDF8C}
		{FE696CD6-E0FD-4D4B-9BB2-6A20DFE0E11F} = {F6E84214-4068-4FF3-ACC3-18A0BFACDF8C}
		{1B2715B7-6174-4CBD-B5A4-A871074D4AF2} = {F6E84214-4068-4FF3-ACC3-18A0BFACDF8C}
		{9246901D-BA7B-4CE8-BECD-89389C6956B0} = {4295183B-2F56-41E1-B88F-2CC610613AF3}
		{EC07E887-91D9-44E7-84D7-8BDF627A3E60} = {8710003A-D814-46BA-9409-4BC23DA02452}
		{35A48594-AA08-4704-AD10-1ED4ADDDED9B} = {8710003A-D814-46BA-9409-4BC23DA02452}
		{7DCA6E58-5EEA-4C87-BB1B-224C3423A93C} = {C6AE0BAE-6DDB-4CE0-8E40-07233FC3F2F3}
		{1A9BA106-9116-4145-A959-F3A815D8DD9B} = {7DCA6E58-5EEA-4C87-BB1B-224C3423A93C}
		{AC5B0A92-E4D4-419C-AD50-3FAF20947299} = {7DCA6E58-5EEA-4C87-BB1B-224C3423A93C}
		{E797CC15-691D-4284-BC3F-B9E866E00AAF} = {7DCA6E58-5EEA-4C87-BB1B-224C3423A93C}
		{A5E36E63-2CC8-4BAC-80C6-49C95AAF534C} = {7DCA6E58-5EEA-4C87-BB1B-224C3423A93C}
		{5E3A3770-169D-484E-8F97-E98642F91A58} = {7DCA6E58-5EEA-4C87-BB1B-224C3423A93C}
		{60CFEEA1-03D9-4A81-BD9F-161A78A5D005} = {7DCA6E58-5EEA-4C87-BB1B-224C3423A93C}
		{0CFD5651-923C-4D4C-9D3A-67A58ECD7CB4} = {57E8426E-9C10-4BEE-A19F-71FC097B74E9}
		{57E03E08-13B1-415D-81D6-786B9AE7D9D5} = {B8765C38-208B-4D8A-89BD-490A6AB93009}
		{3AC05DEA-EABF-482C-AAC7-D52CB76BD240} = {0CFD5651-923C-4D4C-9D3A-67A58ECD7CB4}
		{BD08DF60-216F-4CC7-BBA5-532AC929DACE} = {B8765C38-208B-4D8A-89BD-490A6AB93009}
		{29F3A56F-B6D3-4176-A784-2F347CCA3B0C} = {B8765C38-208B-4D8A-89BD-490A6AB93009}
		{04DBE653-E77B-4434-A604-04DE48647CD0} = {0CFD5651-923C-4D4C-9D3A-67A58ECD7CB4}
		{CF1EFFE6-39D7-4014-A3D5-76A64B1CE448} = {0CFD5651-923C-4D4C-9D3A-67A58ECD7CB4}
		{C2E5AC5F-4D0F-4878-A456-CE78D16FC6C0} = {38B397B3-A7ED-479B-A151-E6200A2057F1}
		{C8473A2B-E27D-4CB1-8E68-A315A6796513} = {BD6FE277-FA8F-452C-B15B-DA929898D5F8}
		{6CF7DB6F-B33C-4167-BA8A-BAC35075CD55} = {8EBB5C6A-275B-42E3-A68C-F202524AAE85}
		{C3DB2CB6-D935-4CB1-80AF-9ED1D9BE3AC1} = {8EBB5C6A-275B-42E3-A68C-F202524AAE85}
		{87712199-3F2A-4FD4-A08F-80A444F8AA93} = {6CF7DB6F-B33C-4167-BA8A-BAC35075CD55}
		{88AB822B-B7D3-4877-A9A7-003A7170E979} = {6CF7DB6F-B33C-4167-BA8A-BAC35075CD55}
		{2C447B01-952C-4A50-AA90-2F0000E6F07F} = {6CF7DB6F-B33C-4167-BA8A-BAC35075CD55}
		{EBD8CA8D-0C20-49F1-9FBF-725F869DC94C} = {6CF7DB6F-B33C-4167-BA8A-BAC35075CD55}
		{C9503BA6-76F8-4BA8-99A1-6515DD7EACB3} = {6CF7DB6F-B33C-4167-BA8A-BAC35075CD55}
		{CE076AE6-7711-4359-B98B-55EF72B18113} = {C3DB2CB6-D935-4CB1-80AF-9ED1D9BE3AC1}
		{DCE2D428-47C5-4577-9BDB-F19A10D01807} = {C3DB2CB6-D935-4CB1-80AF-9ED1D9BE3AC1}
		{4F6A4D22-EE38-4493-982F-01FA3175DA69} = {95906289-ED73-4A99-87AD-79D291402033}
		{BC5F5562-784A-4140-9B70-3A7ACDF2987A} = {599D2CE8-F836-4C7F-A8A8-B9996AB670FC}
		{16C85494-AAA2-4538-92D2-04ECAF14E88E} = {A436BF64-E5CF-42D1-9125-7EC6F0F04B10}
		{04B9AE65-4CC4-4DA1-B3F7-50D1740F14AE} = {A436BF64-E5CF-42D1-9125-7EC6F0F04B10}
		{0A481BEF-6D7C-48A3-A332-ED963061158A} = {599D2CE8-F836-4C7F-A8A8-B9996AB670FC}
		{8C1F311B-3731-47D1-8596-5AB5666BD328} = {D686E0FD-7632-4676-86FE-112AB9C54B58}
		{434B0E18-2104-46B1-B33B-E6985490AE98} = {6BB2C4A8-D59C-42F0-965D-08BC783C7908}
		{47BE963B-B8EF-4961-831D-8C907D349CF5} = {6BB2C4A8-D59C-42F0-965D-08BC783C7908}
		{4C313A4A-1A46-4BE6-A895-476EB62AD196} = {6BB2C4A8-D59C-42F0-965D-08BC783C7908}
		{EFA58381-E07B-4446-8D35-666C2DF1E0E6} = {6BB2C4A8-D59C-42F0-965D-08BC783C7908}
		{CFE23C08-997B-4FC9-AAA1-52DC3AC9DC62} = {6BB2C4A8-D59C-42F0-965D-08BC783C7908}
		{06CADCFF-2E78-4918-846F-3F9AC53A7E71} = {BD6FE277-FA8F-452C-B15B-DA929898D5F8}
		{6BB2C4A8-D59C-42F0-965D-08BC783C7908} = {BD6FE277-FA8F-452C-B15B-DA929898D5F8}
		{88206F7A-8F71-4F59-AA33-517C9DC10AF1} = {1543F3EA-5B76-471B-A810-B4C19107565C}
		{303732D6-7700-446E-B1C4-B8A307186284} = {88206F7A-8F71-4F59-AA33-517C9DC10AF1}
		{CF27F5D3-3052-4879-8E3A-32B8B327D81F} = {88206F7A-8F71-4F59-AA33-517C9DC10AF1}
		{FDEC3A17-4182-487E-9DEA-6CDD284DE7F5} = {BD6FE277-FA8F-452C-B15B-DA929898D5F8}
		{D686E0FD-7632-4676-86FE-112AB9C54B58} = {1543F3EA-5B76-471B-A810-B4C19107565C}
		{8710003A-D814-46BA-9409-4BC23DA02452} = {1543F3EA-5B76-471B-A810-B4C19107565C}
		{4295183B-2F56-41E1-B88F-2CC610613AF3} = {1543F3EA-5B76-471B-A810-B4C19107565C}
		{46FB3C64-B0B4-47E4-96A2-331050A088A6} = {88206F7A-8F71-4F59-AA33-517C9DC10AF1}
		{599D2CE8-F836-4C7F-A8A8-B9996AB670FC} = {C1506BA1-46B3-4FE0-9F59-D854BC64E49B}
		{A436BF64-E5CF-42D1-9125-7EC6F0F04B10} = {C1506BA1-46B3-4FE0-9F59-D854BC64E49B}
		{95906289-ED73-4A99-87AD-79D291402033} = {C1506BA1-46B3-4FE0-9F59-D854BC64E49B}
		{D406E386-2498-4BC5-9FA2-1585259A613D} = {FDEC3A17-4182-487E-9DEA-6CDD284DE7F5}
		{E1E42132-FE53-4145-8569-58FF8E2A14FD} = {FDEC3A17-4182-487E-9DEA-6CDD284DE7F5}
		{A323F734-469F-40F8-A71C-0897400123A6} = {FDEC3A17-4182-487E-9DEA-6CDD284DE7F5}
		{399321E2-8AD6-4732-A75E-E3ECE480226C} = {FDEC3A17-4182-487E-9DEA-6CDD284DE7F5}
		{0FE48CB1-B1CD-4FD7-B0F8-79C9F835E1FE} = {FDEC3A17-4182-487E-9DEA-6CDD284DE7F5}
		{9A99913D-4646-4AF4-B240-9108227A1530} = {3A102B28-235F-4D88-BAE8-018511C0FD4B}
		{58BDEB68-2FC1-4D44-AD19-A48866610DAF} = {3A102B28-235F-4D88-BAE8-018511C0FD4B}
		{1A3AB225-F09A-4F72-A5C8-C03C78179F8C} = {3A102B28-235F-4D88-BAE8-018511C0FD4B}
		{D113B227-226B-4685-B85C-FFFAED3FC847} = {3A102B28-235F-4D88-BAE8-018511C0FD4B}
		{4F2FF53B-BD11-4F84-9A6A-424B3DFDA8BF} = {E3FB2FFA-9735-4B72-B27F-C2D62A9EDC03}
		{89DBB2FF-71C5-49BA-950B-E1D5FE7DB70D} = {E3FB2FFA-9735-4B72-B27F-C2D62A9EDC03}
		{809983D1-54A0-4C40-8D0B-101FA101FDF1} = {E3FB2FFA-9735-4B72-B27F-C2D62A9EDC03}
		{7690ABF7-7927-452E-82B6-02AC6B209BA1} = {E3FB2FFA-9735-4B72-B27F-C2D62A9EDC03}
		{5825C7B2-EE1D-438D-B7D1-4B4506559436} = {F6E84214-4068-4FF3-ACC3-18A0BFACDF8C}
		{D3064C87-D967-49FC-A42E-FE695CB0273E} = {F6E84214-4068-4FF3-ACC3-18A0BFACDF8C}
		{B1A5F91A-96D2-4CA5-A20A-BFD9008FAAC4} = {F6E84214-4068-4FF3-ACC3-18A0BFACDF8C}
		{8F04DF76-8C10-436C-96F8-E14DC08D909C} = {F6E84214-4068-4FF3-ACC3-18A0BFACDF8C}
		{6DB37F89-0EAB-49F1-990E-84152A0000B5} = {F6E84214-4068-4FF3-ACC3-18A0BFACDF8C}
		{90BFEC71-3604-4E51-80D0-22ED2ED51CDB} = {F6E84214-4068-4FF3-ACC3-18A0BFACDF8C}
		{7E4927E4-F57A-407F-8240-3B36871238A4} = {F6E84214-4068-4FF3-ACC3-18A0BFACDF8C}
		{4A429D3C-48B3-42E5-9261-C7ED5184E1B9} = {F6E84214-4068-4FF3-ACC3-18A0BFACDF8C}
		{1DD5C443-9808-4A7B-A520-44696894B909} = {F6E84214-4068-4FF3-ACC3-18A0BFACDF8C}
		{66C41BAF-F84C-42A9-BA39-50DE871495EC} = {BD6FE277-FA8F-452C-B15B-DA929898D5F8}
		{75B318FD-4673-493B-8EE5-319771DB396F} = {66C41BAF-F84C-42A9-BA39-50DE871495EC}
		{DB71D3F5-05C5-4FA3-8DC7-30A1EA426CE1} = {66C41BAF-F84C-42A9-BA39-50DE871495EC}
		{8EFE6442-7FD6-49F5-B764-1A16718F5D55} = {BD6FE277-FA8F-452C-B15B-DA929898D5F8}
		{868F2D79-9BD2-4994-84F5-2BCEBA03A4C9} = {8EFE6442-7FD6-49F5-B764-1A16718F5D55}
		{65EA97F1-4309-4BE4-BA80-BDFB75A795B5} = {8EFE6442-7FD6-49F5-B764-1A16718F5D55}
		{EC057C3B-C05C-4021-B0C8-73063508F054} = {8EFE6442-7FD6-49F5-B764-1A16718F5D55}
		{5AEE6BA3-F262-4306-9DC6-53FFB74CD5FE} = {5BB186AA-E52D-4E40-8286-D8711B5C83D6}
		{CB978C8C-BA99-4ABB-92B8-41FE6133E0FA} = {5BB186AA-E52D-4E40-8286-D8711B5C83D6}
		{75591536-792C-47F7-9D43-ACEA7931DA65} = {D686E0FD-7632-4676-86FE-112AB9C54B58}
		{5BB186AA-E52D-4E40-8286-D8711B5C83D6} = {1543F3EA-5B76-471B-A810-B4C19107565C}
	EndGlobalSection
EndGlobal
